// !$*UTF8*$!
{
	archiveVersion = 1;
	classes = {
	};
	objectVersion = 46;
	objects = {
/* Begin PBXBuildFile section */
		0207DA581B56EA530066E2B4 /* Images.xcassets in Resources */ = {isa = PBXBuildFile; fileRef = 0207DA571B56EA530066E2B4 /* Images.xcassets */; };
		1D3623260D0F684500981E51 /* AppDelegate.m in Sources */ = {isa = PBXBuildFile; fileRef = 1D3623250D0F684500981E51 /* AppDelegate.m */; };
		1D60589B0D05DD56006BFB54 /* main.m in Sources */ = {isa = PBXBuildFile; fileRef = 29B97316FDCFA39411CA2CEA /* main.m */; };
		301BF552109A68D80062928A /* libCordova.a in Frameworks */ = {isa = PBXBuildFile; fileRef = 301BF535109A57CC0062928A /* libCordova.a */; };
		302D95F114D2391D003F00A1 /* MainViewController.m in Sources */ = {isa = PBXBuildFile; fileRef = 302D95EF14D2391D003F00A1 /* MainViewController.m */; };
		302D95F214D2391D003F00A1 /* MainViewController.xib in Resources */ = {isa = PBXBuildFile; fileRef = 302D95F014D2391D003F00A1 /* MainViewController.xib */; };
		3047A5121AB8059700498E2A /* build-debug.xcconfig in Resources */ = {isa = PBXBuildFile; fileRef = 3047A50F1AB8059700498E2A /* build-debug.xcconfig */; };
		3047A5131AB8059700498E2A /* build-release.xcconfig in Resources */ = {isa = PBXBuildFile; fileRef = 3047A5101AB8059700498E2A /* build-release.xcconfig */; };
		3047A5141AB8059700498E2A /* build.xcconfig in Resources */ = {isa = PBXBuildFile; fileRef = 3047A5111AB8059700498E2A /* build.xcconfig */; };
		B3DA4A4C5FFB43DF98957C4A /* libGoogleAnalyticsServices.a in Frameworks */ = {isa = PBXBuildFile; fileRef = 9EEEEB66109949E384248989 /* libGoogleAnalyticsServices.a */; };
		1FCB626904FA48D1BEB0EFB8 /* GoogleAnalyticsPlugin.m in Sources */ = {isa = PBXBuildFile; fileRef = 85BAE0FF383E4170BF783679 /* GoogleAnalyticsPlugin.m */; };
		41B9492FD22D492795C80258 /* SystemConfiguration.framework in Frameworks */ = {isa = PBXBuildFile; fileRef = BC7D0299B7F64A5580761A56 /* SystemConfiguration.framework */; };
		8A1FC559A6EF484696E3270C /* CoreData.framework in Frameworks */ = {isa = PBXBuildFile; fileRef = 4FD15482A1B2436AA9B3C5AE /* CoreData.framework */; };
		F127C381327143E488CF7AC0 /* libsqlite3.dylib in Frameworks */ = {isa = PBXBuildFile; fileRef = E0D35A4F83154A7598A2BA90 /* libsqlite3.dylib */; };
		0DA225960B2A46F2A66E5BBA /* libz.dylib in Frameworks */ = {isa = PBXBuildFile; fileRef = FA8EA61706364E7FB15E5DD7 /* libz.dylib */; };
		30ACFCD07E9C478DA4B4DAD7 /* AppVersion.m in Sources */ = {isa = PBXBuildFile; fileRef = 899A1BD9A4F3472584F3F104 /* AppVersion.m */; };
		BC2869D2F4E14C2AA2D14B73 /* CDVLogger.m in Sources */ = {isa = PBXBuildFile; fileRef = 3BD2DC5E3F6744AEA3738A3B /* CDVLogger.m */; };
		D557B8A5E3854C1C931A9464 /* CDVDevice.m in Sources */ = {isa = PBXBuildFile; fileRef = 864A3D34A65842F78A2ACCFC /* CDVDevice.m */; };
		61CA7CD1390F43EFB780A2BA /* CDVFile.m in Sources */ = {isa = PBXBuildFile; fileRef = AF660AF04C824447A0D93C04 /* CDVFile.m */; };
		DACA4FEED3774FEFB990CA8B /* CDVLocalFilesystem.m in Sources */ = {isa = PBXBuildFile; fileRef = 2527A3CD85234D85ADE19FBF /* CDVLocalFilesystem.m */; };
		DAAA2B7D4F3F41C1A5EB7FE0 /* CDVAssetLibraryFilesystem.m in Sources */ = {isa = PBXBuildFile; fileRef = 6F4C992E6C234D8DB9CD38C7 /* CDVAssetLibraryFilesystem.m */; };
		B7A1B48C6A934C60959742FF /* CDVInAppBrowser.m in Sources */ = {isa = PBXBuildFile; fileRef = 46F04271AC97450896F02E77 /* CDVInAppBrowser.m */; };
		7656B9E26F6443B79C2EB9CD /* CDVConnection.m in Sources */ = {isa = PBXBuildFile; fileRef = 2CE25FE802594B0C9CC0593A /* CDVConnection.m */; };
		9A949781BE2B41CF88D83C55 /* CDVReachability.m in Sources */ = {isa = PBXBuildFile; fileRef = 89D6EDAAD79C490F906E0C6B /* CDVReachability.m */; };
		35FF228B1E6B4182AA15CB27 /* CoreTelephony.framework in Frameworks */ = {isa = PBXBuildFile; fileRef = 5370E8CDA5114577AFEBE14C /* CoreTelephony.framework */; };
		B3D6EB97E5794054B89513F0 /* CDVSplashScreen.m in Sources */ = {isa = PBXBuildFile; fileRef = 0416EC6ADD6341198D54F53E /* CDVSplashScreen.m */; };
		377D6774450543779AB0E63D /* CDVViewController+SplashScreen.m in Sources */ = {isa = PBXBuildFile; fileRef = BB2850A67C654600B8413019 /* CDVViewController+SplashScreen.m */; };
		95088D89D20549138706A9DA /* CDVStatusBar.m in Sources */ = {isa = PBXBuildFile; fileRef = C3D19F20CB77459BA73D6603 /* CDVStatusBar.m */; };
		4E8D59645D9340459F13B218 /* TouchID.m in Sources */ = {isa = PBXBuildFile; fileRef = 8CA49810E9DA40F4AC7BECB2 /* TouchID.m */; };
		437845A43A854E4EB8FED089 /* LocalAuthentication.framework in Frameworks */ = {isa = PBXBuildFile; fileRef = 66BD5B6EF3864581B02199BA /* LocalAuthentication.framework */; };
		7633F941AF824F8681B44713 /* Security.framework in Frameworks */ = {isa = PBXBuildFile; fileRef = 3332443F65104BBCA88A9F20 /* Security.framework */; };
		6D9BCE32487D461B8223EE76 /* Toast+UIView.m in Sources */ = {isa = PBXBuildFile; fileRef = BCA8005A82014D67BC668BE9 /* Toast+UIView.m */; };
		3FA1252E735443D0A446F8DB /* Toast.m in Sources */ = {isa = PBXBuildFile; fileRef = 0DC175F3DF3D4ABA8E5C527F /* Toast.m */; };
		60F8C5DD859342CDBBF82018 /* QuartzCore.framework in Frameworks */ = {isa = PBXBuildFile; fileRef = 0BFFD48EB710429EA23BC90F /* QuartzCore.framework */; };
		1DD6631C379A4F4EAAEE3661 /* IonicKeyboard.m in Sources */ = {isa = PBXBuildFile; fileRef = 40BDE3DE25F5448483B4435B /* IonicKeyboard.m */; };
		EA12A1C0CCCB4E6CB93BC709 /* UAirshipPlugin.m in Sources */ = {isa = PBXBuildFile; fileRef = EE0C8C45438E4F20A5A79FD7 /* UAirshipPlugin.m */; };
		FD550BE49EFC45E7B009B923 /* UAMessageViewController.m in Sources */ = {isa = PBXBuildFile; fileRef = 2E3513E73E2C4332B733A807 /* UAMessageViewController.m */; };
		55BD92A1F9D24A7DA5472C47 /* libUAirship-7.2.0.a in Frameworks */ = {isa = PBXBuildFile; fileRef = 2F1CC2A03BCF4440ACD9BB0C /* libUAirship-7.2.0.a */; };
		6FD708AAE05D42D5970A7476 /* AirshipResources.bundle in Resources */ = {isa = PBXBuildFile; fileRef = B542735216554D43A4F085AE /* AirshipResources.bundle */; };
		9B0BEC1CAA3E47878E64AB41 /* CFNetwork.framework in Frameworks */ = {isa = PBXBuildFile; fileRef = AA950BF261B646EC89FBA631 /* CFNetwork.framework */; settings = {ATTRIBUTES = (Weak, ); }; };
		04D8996FC7C04FFAA6AF29BD /* Foundation.framework in Frameworks */ = {isa = PBXBuildFile; fileRef = 393FD11676B84209AFA8316E /* Foundation.framework */; settings = {ATTRIBUTES = (Weak, ); }; };
		775E176D663545B8942038EA /* UIKit.framework in Frameworks */ = {isa = PBXBuildFile; fileRef = 3DC5DFE986E242038F3BA00F /* UIKit.framework */; settings = {ATTRIBUTES = (Weak, ); }; };
		81F1688CA81E4A0B909D5CF6 /* CoreLocation.framework in Frameworks */ = {isa = PBXBuildFile; fileRef = 23BB2D981B174B1AAC792990 /* CoreLocation.framework */; settings = {ATTRIBUTES = (Weak, ); }; };
/* End PBXBuildFile section */

/* Begin PBXContainerItemProxy section */
		301BF534109A57CC0062928A /* PBXContainerItemProxy */ = {
			isa = PBXContainerItemProxy;
			containerPortal = 301BF52D109A57CC0062928A /* CordovaLib.xcodeproj */;
			proxyType = 2;
			remoteGlobalIDString = D2AAC07E0554694100DB518D;
			remoteInfo = CordovaLib;
		};
		301BF550109A68C00062928A /* PBXContainerItemProxy */ = {
			isa = PBXContainerItemProxy;
			containerPortal = 301BF52D109A57CC0062928A /* CordovaLib.xcodeproj */;
			proxyType = 1;
			remoteGlobalIDString = D2AAC07D0554694100DB518D;
			remoteInfo = CordovaLib;
		};
/* End PBXContainerItemProxy section */

/* Begin PBXFileReference section */
		0207DA571B56EA530066E2B4 /* Images.xcassets */ = {isa = PBXFileReference; lastKnownFileType = folder.assetcatalog; name = Images.xcassets; path = "Fleet SmartHub/Images.xcassets"; sourceTree = SOURCE_ROOT; };
		1D3623240D0F684500981E51 /* AppDelegate.h */ = {isa = PBXFileReference; fileEncoding = 4; lastKnownFileType = sourcecode.c.h; path = AppDelegate.h; sourceTree = "<group>"; };
		1D3623250D0F684500981E51 /* AppDelegate.m */ = {isa = PBXFileReference; fileEncoding = 4; lastKnownFileType = sourcecode.c.objc; path = AppDelegate.m; sourceTree = "<group>"; };
		1D6058910D05DD3D006BFB54 /* Fleet SmartHub.app */ = {isa = PBXFileReference; explicitFileType = wrapper.application; includeInIndex = 0; path = "Fleet SmartHub.app"; sourceTree = BUILT_PRODUCTS_DIR; };
		29B97316FDCFA39411CA2CEA /* main.m */ = {isa = PBXFileReference; fileEncoding = 4; lastKnownFileType = sourcecode.c.objc; path = main.m; sourceTree = "<group>"; };
		301BF52D109A57CC0062928A /* CordovaLib.xcodeproj */ = {isa = PBXFileReference; lastKnownFileType = "wrapper.pb-project"; name = CordovaLib.xcodeproj; path = CordovaLib/CordovaLib.xcodeproj; sourceTree = "<group>"; };
		301BF56E109A69640062928A /* www */ = {isa = PBXFileReference; lastKnownFileType = folder; path = www; sourceTree = SOURCE_ROOT; };
		302D95EE14D2391D003F00A1 /* MainViewController.h */ = {isa = PBXFileReference; fileEncoding = 4; lastKnownFileType = sourcecode.c.h; path = MainViewController.h; sourceTree = "<group>"; };
		302D95EF14D2391D003F00A1 /* MainViewController.m */ = {isa = PBXFileReference; fileEncoding = 4; lastKnownFileType = sourcecode.c.objc; path = MainViewController.m; sourceTree = "<group>"; };
		302D95F014D2391D003F00A1 /* MainViewController.xib */ = {isa = PBXFileReference; fileEncoding = 4; lastKnownFileType = file.xib; path = MainViewController.xib; sourceTree = "<group>"; };
		3047A50F1AB8059700498E2A /* build-debug.xcconfig */ = {isa = PBXFileReference; fileEncoding = 4; lastKnownFileType = text.xcconfig; name = "build-debug.xcconfig"; path = cordova/build-debug.xcconfig; sourceTree = SOURCE_ROOT; };
		3047A5101AB8059700498E2A /* build-release.xcconfig */ = {isa = PBXFileReference; fileEncoding = 4; lastKnownFileType = text.xcconfig; name = "build-release.xcconfig"; path = cordova/build-release.xcconfig; sourceTree = SOURCE_ROOT; };
		3047A5111AB8059700498E2A /* build.xcconfig */ = {isa = PBXFileReference; fileEncoding = 4; lastKnownFileType = text.xcconfig; name = build.xcconfig; path = cordova/build.xcconfig; sourceTree = SOURCE_ROOT; };
		32CA4F630368D1EE00C91783 /* Fleet SmartHub-Prefix.pch */ = {isa = PBXFileReference; fileEncoding = 4; lastKnownFileType = sourcecode.c.h; path = "Fleet SmartHub-Prefix.pch"; sourceTree = "<group>"; };
		8D1107310486CEB800E47090 /* Fleet SmartHub-Info.plist */ = {isa = PBXFileReference; fileEncoding = 4; lastKnownFileType = text.plist.xml; name = "Fleet SmartHub-Info.plist"; path = "Fleet SmartHub/Fleet SmartHub-Info.plist"; plistStructureDefinitionIdentifier = "com.apple.xcode.plist.structure-definition.iphone.info-plist"; sourceTree = SOURCE_ROOT; };
		EB87FDF31871DA8E0020F90C /* www */ = {isa = PBXFileReference; lastKnownFileType = folder; name = www; path = ../../www; sourceTree = "<group>"; };
		EB87FDF41871DAF40020F90C /* config.xml */ = {isa = PBXFileReference; lastKnownFileType = text.xml; name = config.xml; path = ../../config.xml; sourceTree = "<group>"; };
		F840E1F0165FE0F500CFE078 /* config.xml */ = {isa = PBXFileReference; lastKnownFileType = text.xml; name = config.xml; path = "Fleet SmartHub/config.xml"; sourceTree = "<group>"; };
		ED33DF2A687741AEAF9F8254 /* Bridging-Header.h */ = {isa = PBXFileReference; fileEncoding = 4; lastKnownFileType = sourcecode.c.h; name = "Bridging-Header.h"; path = "Bridging-Header.h"; sourceTree = "<group>"; };
		9EEEEB66109949E384248989 /* libGoogleAnalyticsServices.a */ = {isa = PBXFileReference; name = "libGoogleAnalyticsServices.a"; path = "Fleet SmartHub/Plugins/com.cmackay.plugins.googleanalytics/libGoogleAnalyticsServices.a"; sourceTree = "<group>"; fileEncoding = undefined; lastKnownFileType = archive.ar; explicitFileType = undefined; includeInIndex = 0; };
		85BAE0FF383E4170BF783679 /* GoogleAnalyticsPlugin.m */ = {isa = PBXFileReference; name = "GoogleAnalyticsPlugin.m"; path = "com.cmackay.plugins.googleanalytics/GoogleAnalyticsPlugin.m"; sourceTree = "<group>"; fileEncoding = 4; lastKnownFileType = sourcecode.c.objc; explicitFileType = undefined; includeInIndex = 0; };
		0C8816037EE44187A608DA95 /* GAI.h */ = {isa = PBXFileReference; name = "GAI.h"; path = "com.cmackay.plugins.googleanalytics/GAI.h"; sourceTree = "<group>"; fileEncoding = 4; lastKnownFileType = sourcecode.c.h; explicitFileType = undefined; includeInIndex = 0; };
		A80C8A3DF8F14FA9B2A72318 /* GAIDictionaryBuilder.h */ = {isa = PBXFileReference; name = "GAIDictionaryBuilder.h"; path = "com.cmackay.plugins.googleanalytics/GAIDictionaryBuilder.h"; sourceTree = "<group>"; fileEncoding = 4; lastKnownFileType = sourcecode.c.h; explicitFileType = undefined; includeInIndex = 0; };
		44DAEBCF7767453289296792 /* GAIEcommerceFields.h */ = {isa = PBXFileReference; name = "GAIEcommerceFields.h"; path = "com.cmackay.plugins.googleanalytics/GAIEcommerceFields.h"; sourceTree = "<group>"; fileEncoding = 4; lastKnownFileType = sourcecode.c.h; explicitFileType = undefined; includeInIndex = 0; };
		57F1D4D0A91142849F94757D /* GAIEcommerceProduct.h */ = {isa = PBXFileReference; name = "GAIEcommerceProduct.h"; path = "com.cmackay.plugins.googleanalytics/GAIEcommerceProduct.h"; sourceTree = "<group>"; fileEncoding = 4; lastKnownFileType = sourcecode.c.h; explicitFileType = undefined; includeInIndex = 0; };
		BB4EAF2A319E4896ACA14853 /* GAIEcommerceProductAction.h */ = {isa = PBXFileReference; name = "GAIEcommerceProductAction.h"; path = "com.cmackay.plugins.googleanalytics/GAIEcommerceProductAction.h"; sourceTree = "<group>"; fileEncoding = 4; lastKnownFileType = sourcecode.c.h; explicitFileType = undefined; includeInIndex = 0; };
		EC2D98DDA4C445CA8282F593 /* GAIEcommercePromotion.h */ = {isa = PBXFileReference; name = "GAIEcommercePromotion.h"; path = "com.cmackay.plugins.googleanalytics/GAIEcommercePromotion.h"; sourceTree = "<group>"; fileEncoding = 4; lastKnownFileType = sourcecode.c.h; explicitFileType = undefined; includeInIndex = 0; };
		CE26678184B548A6A565316F /* GAIFields.h */ = {isa = PBXFileReference; name = "GAIFields.h"; path = "com.cmackay.plugins.googleanalytics/GAIFields.h"; sourceTree = "<group>"; fileEncoding = 4; lastKnownFileType = sourcecode.c.h; explicitFileType = undefined; includeInIndex = 0; };
		E9942AA9FDA8469683BC57E9 /* GAILogger.h */ = {isa = PBXFileReference; name = "GAILogger.h"; path = "com.cmackay.plugins.googleanalytics/GAILogger.h"; sourceTree = "<group>"; fileEncoding = 4; lastKnownFileType = sourcecode.c.h; explicitFileType = undefined; includeInIndex = 0; };
		1E3F4A25008947CE888E538E /* GAITrackedViewController.h */ = {isa = PBXFileReference; name = "GAITrackedViewController.h"; path = "com.cmackay.plugins.googleanalytics/GAITrackedViewController.h"; sourceTree = "<group>"; fileEncoding = 4; lastKnownFileType = sourcecode.c.h; explicitFileType = undefined; includeInIndex = 0; };
		3C00E045D3A64089AE7C215F /* GAITracker.h */ = {isa = PBXFileReference; name = "GAITracker.h"; path = "com.cmackay.plugins.googleanalytics/GAITracker.h"; sourceTree = "<group>"; fileEncoding = 4; lastKnownFileType = sourcecode.c.h; explicitFileType = undefined; includeInIndex = 0; };
		8FA10206C0384AB0A91BB43C /* GoogleAnalyticsPlugin.h */ = {isa = PBXFileReference; name = "GoogleAnalyticsPlugin.h"; path = "com.cmackay.plugins.googleanalytics/GoogleAnalyticsPlugin.h"; sourceTree = "<group>"; fileEncoding = 4; lastKnownFileType = sourcecode.c.h; explicitFileType = undefined; includeInIndex = 0; };
		BC7D0299B7F64A5580761A56 /* SystemConfiguration.framework */ = {isa = PBXFileReference; name = "SystemConfiguration.framework"; path = "System/Library/Frameworks/SystemConfiguration.framework"; sourceTree = SDKROOT; fileEncoding = undefined; lastKnownFileType = wrapper.framework; explicitFileType = undefined; includeInIndex = 0; };
		4FD15482A1B2436AA9B3C5AE /* CoreData.framework */ = {isa = PBXFileReference; name = "CoreData.framework"; path = "System/Library/Frameworks/CoreData.framework"; sourceTree = SDKROOT; fileEncoding = undefined; lastKnownFileType = wrapper.framework; explicitFileType = undefined; includeInIndex = 0; };
		E0D35A4F83154A7598A2BA90 /* libsqlite3.dylib */ = {isa = PBXFileReference; name = "libsqlite3.dylib"; path = "usr/lib/libsqlite3.dylib"; sourceTree = SDKROOT; fileEncoding = undefined; lastKnownFileType = compiled.mach-o.dylib; explicitFileType = undefined; includeInIndex = 0; };
		FA8EA61706364E7FB15E5DD7 /* libz.dylib */ = {isa = PBXFileReference; name = "libz.dylib"; path = "usr/lib/libz.dylib"; sourceTree = SDKROOT; fileEncoding = undefined; lastKnownFileType = compiled.mach-o.dylib; explicitFileType = undefined; includeInIndex = 0; };
		899A1BD9A4F3472584F3F104 /* AppVersion.m */ = {isa = PBXFileReference; name = "AppVersion.m"; path = "cordova-plugin-app-version/AppVersion.m"; sourceTree = "<group>"; fileEncoding = 4; lastKnownFileType = sourcecode.c.objc; explicitFileType = undefined; includeInIndex = 0; };
		0FC96317B6A7405FB384E147 /* AppVersion.h */ = {isa = PBXFileReference; name = "AppVersion.h"; path = "cordova-plugin-app-version/AppVersion.h"; sourceTree = "<group>"; fileEncoding = 4; lastKnownFileType = sourcecode.c.h; explicitFileType = undefined; includeInIndex = 0; };
		3BD2DC5E3F6744AEA3738A3B /* CDVLogger.m */ = {isa = PBXFileReference; name = "CDVLogger.m"; path = "cordova-plugin-console/CDVLogger.m"; sourceTree = "<group>"; fileEncoding = 4; lastKnownFileType = sourcecode.c.objc; explicitFileType = undefined; includeInIndex = 0; };
		7C5449FB7918462F816F7CE3 /* CDVLogger.h */ = {isa = PBXFileReference; name = "CDVLogger.h"; path = "cordova-plugin-console/CDVLogger.h"; sourceTree = "<group>"; fileEncoding = 4; lastKnownFileType = sourcecode.c.h; explicitFileType = undefined; includeInIndex = 0; };
		864A3D34A65842F78A2ACCFC /* CDVDevice.m */ = {isa = PBXFileReference; name = "CDVDevice.m"; path = "cordova-plugin-device/CDVDevice.m"; sourceTree = "<group>"; fileEncoding = 4; lastKnownFileType = sourcecode.c.objc; explicitFileType = undefined; includeInIndex = 0; };
		AF73D19E082D4F97989B78CE /* CDVDevice.h */ = {isa = PBXFileReference; name = "CDVDevice.h"; path = "cordova-plugin-device/CDVDevice.h"; sourceTree = "<group>"; fileEncoding = 4; lastKnownFileType = sourcecode.c.h; explicitFileType = undefined; includeInIndex = 0; };
		AF660AF04C824447A0D93C04 /* CDVFile.m */ = {isa = PBXFileReference; name = "CDVFile.m"; path = "cordova-plugin-file/CDVFile.m"; sourceTree = "<group>"; fileEncoding = 4; lastKnownFileType = sourcecode.c.objc; explicitFileType = undefined; includeInIndex = 0; };
		2527A3CD85234D85ADE19FBF /* CDVLocalFilesystem.m */ = {isa = PBXFileReference; name = "CDVLocalFilesystem.m"; path = "cordova-plugin-file/CDVLocalFilesystem.m"; sourceTree = "<group>"; fileEncoding = 4; lastKnownFileType = sourcecode.c.objc; explicitFileType = undefined; includeInIndex = 0; };
		6F4C992E6C234D8DB9CD38C7 /* CDVAssetLibraryFilesystem.m */ = {isa = PBXFileReference; name = "CDVAssetLibraryFilesystem.m"; path = "cordova-plugin-file/CDVAssetLibraryFilesystem.m"; sourceTree = "<group>"; fileEncoding = 4; lastKnownFileType = sourcecode.c.objc; explicitFileType = undefined; includeInIndex = 0; };
		B476CEF93D974D868A286ECD /* CDVFile.h */ = {isa = PBXFileReference; name = "CDVFile.h"; path = "cordova-plugin-file/CDVFile.h"; sourceTree = "<group>"; fileEncoding = 4; lastKnownFileType = sourcecode.c.h; explicitFileType = undefined; includeInIndex = 0; };
		9ABECE47D1354497A429588D /* CDVLocalFilesystem.h */ = {isa = PBXFileReference; name = "CDVLocalFilesystem.h"; path = "cordova-plugin-file/CDVLocalFilesystem.h"; sourceTree = "<group>"; fileEncoding = 4; lastKnownFileType = sourcecode.c.h; explicitFileType = undefined; includeInIndex = 0; };
		6BA9FEA4C28D4C95A7A38631 /* CDVAssetLibraryFilesystem.h */ = {isa = PBXFileReference; name = "CDVAssetLibraryFilesystem.h"; path = "cordova-plugin-file/CDVAssetLibraryFilesystem.h"; sourceTree = "<group>"; fileEncoding = 4; lastKnownFileType = sourcecode.c.h; explicitFileType = undefined; includeInIndex = 0; };
		46F04271AC97450896F02E77 /* CDVInAppBrowser.m */ = {isa = PBXFileReference; name = "CDVInAppBrowser.m"; path = "cordova-plugin-inappbrowser/CDVInAppBrowser.m"; sourceTree = "<group>"; fileEncoding = 4; lastKnownFileType = sourcecode.c.objc; explicitFileType = undefined; includeInIndex = 0; };
		13CA2C4EF2844C06BF919A39 /* CDVInAppBrowser.h */ = {isa = PBXFileReference; name = "CDVInAppBrowser.h"; path = "cordova-plugin-inappbrowser/CDVInAppBrowser.h"; sourceTree = "<group>"; fileEncoding = 4; lastKnownFileType = sourcecode.c.h; explicitFileType = undefined; includeInIndex = 0; };
		2CE25FE802594B0C9CC0593A /* CDVConnection.m */ = {isa = PBXFileReference; name = "CDVConnection.m"; path = "cordova-plugin-network-information/CDVConnection.m"; sourceTree = "<group>"; fileEncoding = 4; lastKnownFileType = sourcecode.c.objc; explicitFileType = undefined; includeInIndex = 0; };
		89D6EDAAD79C490F906E0C6B /* CDVReachability.m */ = {isa = PBXFileReference; name = "CDVReachability.m"; path = "cordova-plugin-network-information/CDVReachability.m"; sourceTree = "<group>"; fileEncoding = 4; lastKnownFileType = sourcecode.c.objc; explicitFileType = undefined; includeInIndex = 0; };
		8E5BB1CF568C4E9B955C32E8 /* CDVConnection.h */ = {isa = PBXFileReference; name = "CDVConnection.h"; path = "cordova-plugin-network-information/CDVConnection.h"; sourceTree = "<group>"; fileEncoding = 4; lastKnownFileType = sourcecode.c.h; explicitFileType = undefined; includeInIndex = 0; };
		C36F26A77A354AF3AF30BBAC /* CDVReachability.h */ = {isa = PBXFileReference; name = "CDVReachability.h"; path = "cordova-plugin-network-information/CDVReachability.h"; sourceTree = "<group>"; fileEncoding = 4; lastKnownFileType = sourcecode.c.h; explicitFileType = undefined; includeInIndex = 0; };
		5370E8CDA5114577AFEBE14C /* CoreTelephony.framework */ = {isa = PBXFileReference; name = "CoreTelephony.framework"; path = "System/Library/Frameworks/CoreTelephony.framework"; sourceTree = SDKROOT; fileEncoding = undefined; lastKnownFileType = wrapper.framework; explicitFileType = undefined; includeInIndex = 0; };
		0416EC6ADD6341198D54F53E /* CDVSplashScreen.m */ = {isa = PBXFileReference; name = "CDVSplashScreen.m"; path = "cordova-plugin-splashscreen/CDVSplashScreen.m"; sourceTree = "<group>"; fileEncoding = 4; lastKnownFileType = sourcecode.c.objc; explicitFileType = undefined; includeInIndex = 0; };
		BB2850A67C654600B8413019 /* CDVViewController+SplashScreen.m */ = {isa = PBXFileReference; name = "CDVViewController+SplashScreen.m"; path = "cordova-plugin-splashscreen/CDVViewController+SplashScreen.m"; sourceTree = "<group>"; fileEncoding = 4; lastKnownFileType = sourcecode.c.objc; explicitFileType = undefined; includeInIndex = 0; };
		FCB37A129BF84540BC917F78 /* CDVSplashScreen.h */ = {isa = PBXFileReference; name = "CDVSplashScreen.h"; path = "cordova-plugin-splashscreen/CDVSplashScreen.h"; sourceTree = "<group>"; fileEncoding = 4; lastKnownFileType = sourcecode.c.h; explicitFileType = undefined; includeInIndex = 0; };
		D3C6970A0F02417B8E820D0D /* CDVViewController+SplashScreen.h */ = {isa = PBXFileReference; name = "CDVViewController+SplashScreen.h"; path = "cordova-plugin-splashscreen/CDVViewController+SplashScreen.h"; sourceTree = "<group>"; fileEncoding = 4; lastKnownFileType = sourcecode.c.h; explicitFileType = undefined; includeInIndex = 0; };
		C3D19F20CB77459BA73D6603 /* CDVStatusBar.m */ = {isa = PBXFileReference; name = "CDVStatusBar.m"; path = "cordova-plugin-statusbar/CDVStatusBar.m"; sourceTree = "<group>"; fileEncoding = 4; lastKnownFileType = sourcecode.c.objc; explicitFileType = undefined; includeInIndex = 0; };
		6B5FA96A576A4805AD10EEBF /* CDVStatusBar.h */ = {isa = PBXFileReference; name = "CDVStatusBar.h"; path = "cordova-plugin-statusbar/CDVStatusBar.h"; sourceTree = "<group>"; fileEncoding = 4; lastKnownFileType = sourcecode.c.h; explicitFileType = undefined; includeInIndex = 0; };
		8CA49810E9DA40F4AC7BECB2 /* TouchID.m */ = {isa = PBXFileReference; name = "TouchID.m"; path = "cordova-plugin-touch-id/TouchID.m"; sourceTree = "<group>"; fileEncoding = 4; lastKnownFileType = sourcecode.c.objc; explicitFileType = undefined; includeInIndex = 0; };
		71215D1BC24F4C028ACC337E /* TouchID.h */ = {isa = PBXFileReference; name = "TouchID.h"; path = "cordova-plugin-touch-id/TouchID.h"; sourceTree = "<group>"; fileEncoding = 4; lastKnownFileType = sourcecode.c.h; explicitFileType = undefined; includeInIndex = 0; };
		66BD5B6EF3864581B02199BA /* LocalAuthentication.framework */ = {isa = PBXFileReference; name = "LocalAuthentication.framework"; path = "System/Library/Frameworks/LocalAuthentication.framework"; sourceTree = SDKROOT; fileEncoding = undefined; lastKnownFileType = wrapper.framework; explicitFileType = undefined; includeInIndex = 0; };
		3332443F65104BBCA88A9F20 /* Security.framework */ = {isa = PBXFileReference; name = "Security.framework"; path = "System/Library/Frameworks/Security.framework"; sourceTree = SDKROOT; fileEncoding = undefined; lastKnownFileType = wrapper.framework; explicitFileType = undefined; includeInIndex = 0; };
		BCA8005A82014D67BC668BE9 /* Toast+UIView.m */ = {isa = PBXFileReference; name = "Toast+UIView.m"; path = "cordova-plugin-x-toast/Toast+UIView.m"; sourceTree = "<group>"; fileEncoding = 4; lastKnownFileType = sourcecode.c.objc; explicitFileType = undefined; includeInIndex = 0; };
		0DC175F3DF3D4ABA8E5C527F /* Toast.m */ = {isa = PBXFileReference; name = "Toast.m"; path = "cordova-plugin-x-toast/Toast.m"; sourceTree = "<group>"; fileEncoding = 4; lastKnownFileType = sourcecode.c.objc; explicitFileType = undefined; includeInIndex = 0; };
		6293F4571E2945CFBCDC5C06 /* Toast+UIView.h */ = {isa = PBXFileReference; name = "Toast+UIView.h"; path = "cordova-plugin-x-toast/Toast+UIView.h"; sourceTree = "<group>"; fileEncoding = 4; lastKnownFileType = sourcecode.c.h; explicitFileType = undefined; includeInIndex = 0; };
		25432BD8BC47453DB0FFE401 /* Toast.h */ = {isa = PBXFileReference; name = "Toast.h"; path = "cordova-plugin-x-toast/Toast.h"; sourceTree = "<group>"; fileEncoding = 4; lastKnownFileType = sourcecode.c.h; explicitFileType = undefined; includeInIndex = 0; };
		0BFFD48EB710429EA23BC90F /* QuartzCore.framework */ = {isa = PBXFileReference; name = "QuartzCore.framework"; path = "System/Library/Frameworks/QuartzCore.framework"; sourceTree = SDKROOT; fileEncoding = undefined; lastKnownFileType = wrapper.framework; explicitFileType = undefined; includeInIndex = 0; };
		40BDE3DE25F5448483B4435B /* IonicKeyboard.m */ = {isa = PBXFileReference; name = "IonicKeyboard.m"; path = "ionic-plugin-keyboard/IonicKeyboard.m"; sourceTree = "<group>"; fileEncoding = 4; lastKnownFileType = sourcecode.c.objc; explicitFileType = undefined; includeInIndex = 0; };
		667E5E65A27D48D38C8A287B /* IonicKeyboard.h */ = {isa = PBXFileReference; name = "IonicKeyboard.h"; path = "ionic-plugin-keyboard/IonicKeyboard.h"; sourceTree = "<group>"; fileEncoding = 4; lastKnownFileType = sourcecode.c.h; explicitFileType = undefined; includeInIndex = 0; };
		EE0C8C45438E4F20A5A79FD7 /* UAirshipPlugin.m */ = {isa = PBXFileReference; name = "UAirshipPlugin.m"; path = "urbanairship-cordova/UAirshipPlugin.m"; sourceTree = "<group>"; fileEncoding = 4; lastKnownFileType = sourcecode.c.objc; explicitFileType = undefined; includeInIndex = 0; };
		2E3513E73E2C4332B733A807 /* UAMessageViewController.m */ = {isa = PBXFileReference; name = "UAMessageViewController.m"; path = "urbanairship-cordova/UAMessageViewController.m"; sourceTree = "<group>"; fileEncoding = 4; lastKnownFileType = sourcecode.c.objc; explicitFileType = undefined; includeInIndex = 0; };
		2F1CC2A03BCF4440ACD9BB0C /* libUAirship-7.2.0.a */ = {isa = PBXFileReference; name = "libUAirship-7.2.0.a"; path = "Fleet SmartHub/Plugins/urbanairship-cordova/libUAirship-7.2.0.a"; sourceTree = "<group>"; fileEncoding = undefined; lastKnownFileType = archive.ar; explicitFileType = undefined; includeInIndex = 0; };
		58F8332C3B984D09B0CF4E28 /* UAirshipPlugin.h */ = {isa = PBXFileReference; name = "UAirshipPlugin.h"; path = "urbanairship-cordova/UAirshipPlugin.h"; sourceTree = "<group>"; fileEncoding = 4; lastKnownFileType = sourcecode.c.h; explicitFileType = undefined; includeInIndex = 0; };
		D029562AB79B4B36B0ABAF8E /* UAMessageViewController.h */ = {isa = PBXFileReference; name = "UAMessageViewController.h"; path = "urbanairship-cordova/UAMessageViewController.h"; sourceTree = "<group>"; fileEncoding = 4; lastKnownFileType = sourcecode.c.h; explicitFileType = undefined; includeInIndex = 0; };
		A79F08C54B4240F187B33626 /* AirshipLib.h */ = {isa = PBXFileReference; name = "AirshipLib.h"; path = "urbanairship-cordova/AirshipLib.h"; sourceTree = "<group>"; fileEncoding = 4; lastKnownFileType = sourcecode.c.h; explicitFileType = undefined; includeInIndex = 0; };
		9EC5B64802024DD6BE27A44B /* UANativeBridge.h */ = {isa = PBXFileReference; name = "UANativeBridge.h"; path = "urbanairship-cordova/UANativeBridge.h"; sourceTree = "<group>"; fileEncoding = 4; lastKnownFileType = sourcecode.c.h; explicitFileType = undefined; includeInIndex = 0; };
		98A3D47BE51747C3A28EA59B /* UALandingPageAction.h */ = {isa = PBXFileReference; name = "UALandingPageAction.h"; path = "urbanairship-cordova/UALandingPageAction.h"; sourceTree = "<group>"; fileEncoding = 4; lastKnownFileType = sourcecode.c.h; explicitFileType = undefined; includeInIndex = 0; };
		4F1B082FAED7419C912EB6B9 /* NSJSONSerialization+UAAdditions.h */ = {isa = PBXFileReference; name = "NSJSONSerialization+UAAdditions.h"; path = "urbanairship-cordova/NSJSONSerialization+UAAdditions.h"; sourceTree = "<group>"; fileEncoding = 4; lastKnownFileType = sourcecode.c.h; explicitFileType = undefined; includeInIndex = 0; };
		82868FEB896D4A399E22BFE8 /* NSString+UALocalizationAdditions.h */ = {isa = PBXFileReference; name = "NSString+UALocalizationAdditions.h"; path = "urbanairship-cordova/NSString+UALocalizationAdditions.h"; sourceTree = "<group>"; fileEncoding = 4; lastKnownFileType = sourcecode.c.h; explicitFileType = undefined; includeInIndex = 0; };
		0B6201C5D5814D83ACE48B41 /* NSString+UAURLEncoding.h */ = {isa = PBXFileReference; name = "NSString+UAURLEncoding.h"; path = "urbanairship-cordova/NSString+UAURLEncoding.h"; sourceTree = "<group>"; fileEncoding = 4; lastKnownFileType = sourcecode.c.h; explicitFileType = undefined; includeInIndex = 0; };
		6C172865B36549879E3F929E /* UAAction+Operators.h */ = {isa = PBXFileReference; name = "UAAction+Operators.h"; path = "urbanairship-cordova/UAAction+Operators.h"; sourceTree = "<group>"; fileEncoding = 4; lastKnownFileType = sourcecode.c.h; explicitFileType = undefined; includeInIndex = 0; };
		451F75FEC2DB4E389146F7BB /* UAAction.h */ = {isa = PBXFileReference; name = "UAAction.h"; path = "urbanairship-cordova/UAAction.h"; sourceTree = "<group>"; fileEncoding = 4; lastKnownFileType = sourcecode.c.h; explicitFileType = undefined; includeInIndex = 0; };
		8BA0848BEF544C47BD69422C /* UAActionArguments.h */ = {isa = PBXFileReference; name = "UAActionArguments.h"; path = "urbanairship-cordova/UAActionArguments.h"; sourceTree = "<group>"; fileEncoding = 4; lastKnownFileType = sourcecode.c.h; explicitFileType = undefined; includeInIndex = 0; };
		F0E7C1E3BF824D39A73CEEFA /* UAActionJSDelegate.h */ = {isa = PBXFileReference; name = "UAActionJSDelegate.h"; path = "urbanairship-cordova/UAActionJSDelegate.h"; sourceTree = "<group>"; fileEncoding = 4; lastKnownFileType = sourcecode.c.h; explicitFileType = undefined; includeInIndex = 0; };
		86DD79C90CE4461790642F4E /* UAActionRegistry.h */ = {isa = PBXFileReference; name = "UAActionRegistry.h"; path = "urbanairship-cordova/UAActionRegistry.h"; sourceTree = "<group>"; fileEncoding = 4; lastKnownFileType = sourcecode.c.h; explicitFileType = undefined; includeInIndex = 0; };
		C1568EAA9F194F0F8221CE8A /* UAActionRegistryEntry.h */ = {isa = PBXFileReference; name = "UAActionRegistryEntry.h"; path = "urbanairship-cordova/UAActionRegistryEntry.h"; sourceTree = "<group>"; fileEncoding = 4; lastKnownFileType = sourcecode.c.h; explicitFileType = undefined; includeInIndex = 0; };
		DA989D69D4154D95B9DB6457 /* UAActionResult.h */ = {isa = PBXFileReference; name = "UAActionResult.h"; path = "urbanairship-cordova/UAActionResult.h"; sourceTree = "<group>"; fileEncoding = 4; lastKnownFileType = sourcecode.c.h; explicitFileType = undefined; includeInIndex = 0; };
		E22301D9930C46769E359BE0 /* UAActionRunner.h */ = {isa = PBXFileReference; name = "UAActionRunner.h"; path = "urbanairship-cordova/UAActionRunner.h"; sourceTree = "<group>"; fileEncoding = 4; lastKnownFileType = sourcecode.c.h; explicitFileType = undefined; includeInIndex = 0; };
		0B0E9490014F4BF7939EAC31 /* UAActivityViewController.h */ = {isa = PBXFileReference; name = "UAActivityViewController.h"; path = "urbanairship-cordova/UAActivityViewController.h"; sourceTree = "<group>"; fileEncoding = 4; lastKnownFileType = sourcecode.c.h; explicitFileType = undefined; includeInIndex = 0; };
		90FF748E117646FD85D067A9 /* UAAddCustomEventAction.h */ = {isa = PBXFileReference; name = "UAAddCustomEventAction.h"; path = "urbanairship-cordova/UAAddCustomEventAction.h"; sourceTree = "<group>"; fileEncoding = 4; lastKnownFileType = sourcecode.c.h; explicitFileType = undefined; includeInIndex = 0; };
		EF4ED977190E4107BB2B7465 /* UAAddTagsAction.h */ = {isa = PBXFileReference; name = "UAAddTagsAction.h"; path = "urbanairship-cordova/UAAddTagsAction.h"; sourceTree = "<group>"; fileEncoding = 4; lastKnownFileType = sourcecode.c.h; explicitFileType = undefined; includeInIndex = 0; };
		8809C675051546CD8506EFC9 /* UAAggregateActionResult.h */ = {isa = PBXFileReference; name = "UAAggregateActionResult.h"; path = "urbanairship-cordova/UAAggregateActionResult.h"; sourceTree = "<group>"; fileEncoding = 4; lastKnownFileType = sourcecode.c.h; explicitFileType = undefined; includeInIndex = 0; };
		8708033019084A36B5180BE9 /* UAAnalytics.h */ = {isa = PBXFileReference; name = "UAAnalytics.h"; path = "urbanairship-cordova/UAAnalytics.h"; sourceTree = "<group>"; fileEncoding = 4; lastKnownFileType = sourcecode.c.h; explicitFileType = undefined; includeInIndex = 0; };
		2CD9C2AD6C2F4244B8C144B5 /* UAApplicationMetrics.h */ = {isa = PBXFileReference; name = "UAApplicationMetrics.h"; path = "urbanairship-cordova/UAApplicationMetrics.h"; sourceTree = "<group>"; fileEncoding = 4; lastKnownFileType = sourcecode.c.h; explicitFileType = undefined; includeInIndex = 0; };
		97FB4CE845894688A147BE31 /* UAAssociatedIdentifiers.h */ = {isa = PBXFileReference; name = "UAAssociatedIdentifiers.h"; path = "urbanairship-cordova/UAAssociatedIdentifiers.h"; sourceTree = "<group>"; fileEncoding = 4; lastKnownFileType = sourcecode.c.h; explicitFileType = undefined; includeInIndex = 0; };
		096565DDAC4D4D218B1D5394 /* UABaseLocationProvider.h */ = {isa = PBXFileReference; name = "UABaseLocationProvider.h"; path = "urbanairship-cordova/UABaseLocationProvider.h"; sourceTree = "<group>"; fileEncoding = 4; lastKnownFileType = sourcecode.c.h; explicitFileType = undefined; includeInIndex = 0; };
		D24689776FB7464BA40FA6AC /* UABespokeCloseView.h */ = {isa = PBXFileReference; name = "UABespokeCloseView.h"; path = "urbanairship-cordova/UABespokeCloseView.h"; sourceTree = "<group>"; fileEncoding = 4; lastKnownFileType = sourcecode.c.h; explicitFileType = undefined; includeInIndex = 0; };
		998830D3C04C4412B802CE5D /* UABeveledLoadingIndicator.h */ = {isa = PBXFileReference; name = "UABeveledLoadingIndicator.h"; path = "urbanairship-cordova/UABeveledLoadingIndicator.h"; sourceTree = "<group>"; fileEncoding = 4; lastKnownFileType = sourcecode.c.h; explicitFileType = undefined; includeInIndex = 0; };
		A77577E3F01F4524AFC722A7 /* UAChannelCapture.h */ = {isa = PBXFileReference; name = "UAChannelCapture.h"; path = "urbanairship-cordova/UAChannelCapture.h"; sourceTree = "<group>"; fileEncoding = 4; lastKnownFileType = sourcecode.c.h; explicitFileType = undefined; includeInIndex = 0; };
		8BEBEF53A1EB4019BBD80DFB /* UACircularRegion.h */ = {isa = PBXFileReference; name = "UACircularRegion.h"; path = "urbanairship-cordova/UACircularRegion.h"; sourceTree = "<group>"; fileEncoding = 4; lastKnownFileType = sourcecode.c.h; explicitFileType = undefined; includeInIndex = 0; };
		EC24E643B50D4B3D977382D5 /* UAConfig.h */ = {isa = PBXFileReference; name = "UAConfig.h"; path = "urbanairship-cordova/UAConfig.h"; sourceTree = "<group>"; fileEncoding = 4; lastKnownFileType = sourcecode.c.h; explicitFileType = undefined; includeInIndex = 0; };
		BAD99007F26C4C1886EEE0FA /* UACustomEvent.h */ = {isa = PBXFileReference; name = "UACustomEvent.h"; path = "urbanairship-cordova/UACustomEvent.h"; sourceTree = "<group>"; fileEncoding = 4; lastKnownFileType = sourcecode.c.h; explicitFileType = undefined; includeInIndex = 0; };
		312FF47B56024BF08078CE93 /* UADefaultMessageCenter.h */ = {isa = PBXFileReference; name = "UADefaultMessageCenter.h"; path = "urbanairship-cordova/UADefaultMessageCenter.h"; sourceTree = "<group>"; fileEncoding = 4; lastKnownFileType = sourcecode.c.h; explicitFileType = undefined; includeInIndex = 0; };
		61CE0582A61E4C08B777865C /* UADefaultMessageCenterListCell.h */ = {isa = PBXFileReference; name = "UADefaultMessageCenterListCell.h"; path = "urbanairship-cordova/UADefaultMessageCenterListCell.h"; sourceTree = "<group>"; fileEncoding = 4; lastKnownFileType = sourcecode.c.h; explicitFileType = undefined; includeInIndex = 0; };
		3A7361CAE94A4182A463FD82 /* UADefaultMessageCenterListViewController.h */ = {isa = PBXFileReference; name = "UADefaultMessageCenterListViewController.h"; path = "urbanairship-cordova/UADefaultMessageCenterListViewController.h"; sourceTree = "<group>"; fileEncoding = 4; lastKnownFileType = sourcecode.c.h; explicitFileType = undefined; includeInIndex = 0; };
		1AB74BDFF7D44112B6413527 /* UADefaultMessageCenterMessageViewController.h */ = {isa = PBXFileReference; name = "UADefaultMessageCenterMessageViewController.h"; path = "urbanairship-cordova/UADefaultMessageCenterMessageViewController.h"; sourceTree = "<group>"; fileEncoding = 4; lastKnownFileType = sourcecode.c.h; explicitFileType = undefined; includeInIndex = 0; };
		D3D65E5D78784E008C58732D /* UADefaultMessageCenterSplitViewController.h */ = {isa = PBXFileReference; name = "UADefaultMessageCenterSplitViewController.h"; path = "urbanairship-cordova/UADefaultMessageCenterSplitViewController.h"; sourceTree = "<group>"; fileEncoding = 4; lastKnownFileType = sourcecode.c.h; explicitFileType = undefined; includeInIndex = 0; };
		C804C7BD7AF44F7C841D7023 /* UADefaultMessageCenterStyle.h */ = {isa = PBXFileReference; name = "UADefaultMessageCenterStyle.h"; path = "urbanairship-cordova/UADefaultMessageCenterStyle.h"; sourceTree = "<group>"; fileEncoding = 4; lastKnownFileType = sourcecode.c.h; explicitFileType = undefined; includeInIndex = 0; };
		D17BBC0FA4764364993B5658 /* UADisplayInboxAction.h */ = {isa = PBXFileReference; name = "UADisplayInboxAction.h"; path = "urbanairship-cordova/UADisplayInboxAction.h"; sourceTree = "<group>"; fileEncoding = 4; lastKnownFileType = sourcecode.c.h; explicitFileType = undefined; includeInIndex = 0; };
		8AAD52AD5B7B472E836A3130 /* UADisposable.h */ = {isa = PBXFileReference; name = "UADisposable.h"; path = "urbanairship-cordova/UADisposable.h"; sourceTree = "<group>"; fileEncoding = 4; lastKnownFileType = sourcecode.c.h; explicitFileType = undefined; includeInIndex = 0; };
		971E9A8B16F34E07B15E29AB /* UAEvent.h */ = {isa = PBXFileReference; name = "UAEvent.h"; path = "urbanairship-cordova/UAEvent.h"; sourceTree = "<group>"; fileEncoding = 4; lastKnownFileType = sourcecode.c.h; explicitFileType = undefined; includeInIndex = 0; };
		39274A3B36144B25B6AA6E65 /* UAGlobal.h */ = {isa = PBXFileReference; name = "UAGlobal.h"; path = "urbanairship-cordova/UAGlobal.h"; sourceTree = "<group>"; fileEncoding = 4; lastKnownFileType = sourcecode.c.h; explicitFileType = undefined; includeInIndex = 0; };
		80014DD14FE64DC6A3286A59 /* UAInAppMessage.h */ = {isa = PBXFileReference; name = "UAInAppMessage.h"; path = "urbanairship-cordova/UAInAppMessage.h"; sourceTree = "<group>"; fileEncoding = 4; lastKnownFileType = sourcecode.c.h; explicitFileType = undefined; includeInIndex = 0; };
		368918F1C3E94D888FAF8D9B /* UAInAppMessageButtonActionBinding.h */ = {isa = PBXFileReference; name = "UAInAppMessageButtonActionBinding.h"; path = "urbanairship-cordova/UAInAppMessageButtonActionBinding.h"; sourceTree = "<group>"; fileEncoding = 4; lastKnownFileType = sourcecode.c.h; explicitFileType = undefined; includeInIndex = 0; };
		3D27A37E44BF4DC6A4359352 /* UAInAppMessageControllerDefaultDelegate.h */ = {isa = PBXFileReference; name = "UAInAppMessageControllerDefaultDelegate.h"; path = "urbanairship-cordova/UAInAppMessageControllerDefaultDelegate.h"; sourceTree = "<group>"; fileEncoding = 4; lastKnownFileType = sourcecode.c.h; explicitFileType = undefined; includeInIndex = 0; };
		6DB06EDF7A964946BAE625FE /* UAInAppMessageControllerDelegate.h */ = {isa = PBXFileReference; name = "UAInAppMessageControllerDelegate.h"; path = "urbanairship-cordova/UAInAppMessageControllerDelegate.h"; sourceTree = "<group>"; fileEncoding = 4; lastKnownFileType = sourcecode.c.h; explicitFileType = undefined; includeInIndex = 0; };
		9E0358E2DC624291928C39D0 /* UAInAppMessageView.h */ = {isa = PBXFileReference; name = "UAInAppMessageView.h"; path = "urbanairship-cordova/UAInAppMessageView.h"; sourceTree = "<group>"; fileEncoding = 4; lastKnownFileType = sourcecode.c.h; explicitFileType = undefined; includeInIndex = 0; };
		B55D48E3D86B449CA40A2229 /* UAInAppMessaging.h */ = {isa = PBXFileReference; name = "UAInAppMessaging.h"; path = "urbanairship-cordova/UAInAppMessaging.h"; sourceTree = "<group>"; fileEncoding = 4; lastKnownFileType = sourcecode.c.h; explicitFileType = undefined; includeInIndex = 0; };
		C7AEAB594C8A45698DF3ABDF /* UAIncomingInAppMessageAction.h */ = {isa = PBXFileReference; name = "UAIncomingInAppMessageAction.h"; path = "urbanairship-cordova/UAIncomingInAppMessageAction.h"; sourceTree = "<group>"; fileEncoding = 4; lastKnownFileType = sourcecode.c.h; explicitFileType = undefined; includeInIndex = 0; };
		E6B2566D652946AB950914E2 /* UAInstallAttributionEvent.h */ = {isa = PBXFileReference; name = "UAInstallAttributionEvent.h"; path = "urbanairship-cordova/UAInstallAttributionEvent.h"; sourceTree = "<group>"; fileEncoding = 4; lastKnownFileType = sourcecode.c.h; explicitFileType = undefined; includeInIndex = 0; };
		D810A2778714479BAE4486FF /* UAirship.h */ = {isa = PBXFileReference; name = "UAirship.h"; path = "urbanairship-cordova/UAirship.h"; sourceTree = "<group>"; fileEncoding = 4; lastKnownFileType = sourcecode.c.h; explicitFileType = undefined; includeInIndex = 0; };
		D71EFF225EAC4026975B800C /* UAJavaScriptDelegate.h */ = {isa = PBXFileReference; name = "UAJavaScriptDelegate.h"; path = "urbanairship-cordova/UAJavaScriptDelegate.h"; sourceTree = "<group>"; fileEncoding = 4; lastKnownFileType = sourcecode.c.h; explicitFileType = undefined; includeInIndex = 0; };
		A7CD879B7B84486BB0C5D2CA /* UALandingPageOverlayController.h */ = {isa = PBXFileReference; name = "UALandingPageOverlayController.h"; path = "urbanairship-cordova/UALandingPageOverlayController.h"; sourceTree = "<group>"; fileEncoding = 4; lastKnownFileType = sourcecode.c.h; explicitFileType = undefined; includeInIndex = 0; };
		3ADFB1D876DB445FA7B37E50 /* UALocationCommonValues.h */ = {isa = PBXFileReference; name = "UALocationCommonValues.h"; path = "urbanairship-cordova/UALocationCommonValues.h"; sourceTree = "<group>"; fileEncoding = 4; lastKnownFileType = sourcecode.c.h; explicitFileType = undefined; includeInIndex = 0; };
		F99762307B444070B90F45A5 /* UALocationEvent.h */ = {isa = PBXFileReference; name = "UALocationEvent.h"; path = "urbanairship-cordova/UALocationEvent.h"; sourceTree = "<group>"; fileEncoding = 4; lastKnownFileType = sourcecode.c.h; explicitFileType = undefined; includeInIndex = 0; };
		EAEABE4DCB0D430D86F8FC9B /* UALocationProviderDelegate.h */ = {isa = PBXFileReference; name = "UALocationProviderDelegate.h"; path = "urbanairship-cordova/UALocationProviderDelegate.h"; sourceTree = "<group>"; fileEncoding = 4; lastKnownFileType = sourcecode.c.h; explicitFileType = undefined; includeInIndex = 0; };
		F7CBE9F7D1694ED1B34AA8CB /* UALocationProviderProtocol.h */ = {isa = PBXFileReference; name = "UALocationProviderProtocol.h"; path = "urbanairship-cordova/UALocationProviderProtocol.h"; sourceTree = "<group>"; fileEncoding = 4; lastKnownFileType = sourcecode.c.h; explicitFileType = undefined; includeInIndex = 0; };
		B5A8235B05C846128100CDBC /* UALocationService.h */ = {isa = PBXFileReference; name = "UALocationService.h"; path = "urbanairship-cordova/UALocationService.h"; sourceTree = "<group>"; fileEncoding = 4; lastKnownFileType = sourcecode.c.h; explicitFileType = undefined; includeInIndex = 0; };
		B00DE602EE564FA4949B9EAD /* UAMessageCenterDateUtils.h */ = {isa = PBXFileReference; name = "UAMessageCenterDateUtils.h"; path = "urbanairship-cordova/UAMessageCenterDateUtils.h"; sourceTree = "<group>"; fileEncoding = 4; lastKnownFileType = sourcecode.c.h; explicitFileType = undefined; includeInIndex = 0; };
		364031E08FC74607B4FD0295 /* UAMessageCenterLocalization.h */ = {isa = PBXFileReference; name = "UAMessageCenterLocalization.h"; path = "urbanairship-cordova/UAMessageCenterLocalization.h"; sourceTree = "<group>"; fileEncoding = 4; lastKnownFileType = sourcecode.c.h; explicitFileType = undefined; includeInIndex = 0; };
		B2353ACDF19442F2B5F1082C /* UAModifyTagsAction.h */ = {isa = PBXFileReference; name = "UAModifyTagsAction.h"; path = "urbanairship-cordova/UAModifyTagsAction.h"; sourceTree = "<group>"; fileEncoding = 4; lastKnownFileType = sourcecode.c.h; explicitFileType = undefined; includeInIndex = 0; };
		E0A33115234843C39FBA9FBC /* UAOpenExternalURLAction.h */ = {isa = PBXFileReference; name = "UAOpenExternalURLAction.h"; path = "urbanairship-cordova/UAOpenExternalURLAction.h"; sourceTree = "<group>"; fileEncoding = 4; lastKnownFileType = sourcecode.c.h; explicitFileType = undefined; includeInIndex = 0; };
		02D6852245234050A8DC8B78 /* UAOverlayInboxMessageAction.h */ = {isa = PBXFileReference; name = "UAOverlayInboxMessageAction.h"; path = "urbanairship-cordova/UAOverlayInboxMessageAction.h"; sourceTree = "<group>"; fileEncoding = 4; lastKnownFileType = sourcecode.c.h; explicitFileType = undefined; includeInIndex = 0; };
		EBC09D29C6654A66971F6BB5 /* UAPasteboardAction.h */ = {isa = PBXFileReference; name = "UAPasteboardAction.h"; path = "urbanairship-cordova/UAPasteboardAction.h"; sourceTree = "<group>"; fileEncoding = 4; lastKnownFileType = sourcecode.c.h; explicitFileType = undefined; includeInIndex = 0; };
		A95502F3C1044F62B94F9784 /* UAProximityRegion.h */ = {isa = PBXFileReference; name = "UAProximityRegion.h"; path = "urbanairship-cordova/UAProximityRegion.h"; sourceTree = "<group>"; fileEncoding = 4; lastKnownFileType = sourcecode.c.h; explicitFileType = undefined; includeInIndex = 0; };
		FB2F06C547ED4884BE57BE48 /* UARegionEvent.h */ = {isa = PBXFileReference; name = "UARegionEvent.h"; path = "urbanairship-cordova/UARegionEvent.h"; sourceTree = "<group>"; fileEncoding = 4; lastKnownFileType = sourcecode.c.h; explicitFileType = undefined; includeInIndex = 0; };
		646874868CF4436196B83FF2 /* UARemoveTagsAction.h */ = {isa = PBXFileReference; name = "UARemoveTagsAction.h"; path = "urbanairship-cordova/UARemoveTagsAction.h"; sourceTree = "<group>"; fileEncoding = 4; lastKnownFileType = sourcecode.c.h; explicitFileType = undefined; includeInIndex = 0; };
		E6E80961871442399F9ECA55 /* UARichContentWindow.h */ = {isa = PBXFileReference; name = "UARichContentWindow.h"; path = "urbanairship-cordova/UARichContentWindow.h"; sourceTree = "<group>"; fileEncoding = 4; lastKnownFileType = sourcecode.c.h; explicitFileType = undefined; includeInIndex = 0; };
		A45F2CB759E7493DBC58D184 /* UAShareAction.h */ = {isa = PBXFileReference; name = "UAShareAction.h"; path = "urbanairship-cordova/UAShareAction.h"; sourceTree = "<group>"; fileEncoding = 4; lastKnownFileType = sourcecode.c.h; explicitFileType = undefined; includeInIndex = 0; };
		6F5938A9D7574C05BCCCF7AD /* UASignificantChangeProvider.h */ = {isa = PBXFileReference; name = "UASignificantChangeProvider.h"; path = "urbanairship-cordova/UASignificantChangeProvider.h"; sourceTree = "<group>"; fileEncoding = 4; lastKnownFileType = sourcecode.c.h; explicitFileType = undefined; includeInIndex = 0; };
		108F6DFD358C4D4F8AB727DA /* UAStandardLocationProvider.h */ = {isa = PBXFileReference; name = "UAStandardLocationProvider.h"; path = "urbanairship-cordova/UAStandardLocationProvider.h"; sourceTree = "<group>"; fileEncoding = 4; lastKnownFileType = sourcecode.c.h; explicitFileType = undefined; includeInIndex = 0; };
		7F25BAB0F97349C39FCBB800 /* UATagUtils.h */ = {isa = PBXFileReference; name = "UATagUtils.h"; path = "urbanairship-cordova/UATagUtils.h"; sourceTree = "<group>"; fileEncoding = 4; lastKnownFileType = sourcecode.c.h; explicitFileType = undefined; includeInIndex = 0; };
		94EC3D3F68AE4C12B074A580 /* UAURLProtocol.h */ = {isa = PBXFileReference; name = "UAURLProtocol.h"; path = "urbanairship-cordova/UAURLProtocol.h"; sourceTree = "<group>"; fileEncoding = 4; lastKnownFileType = sourcecode.c.h; explicitFileType = undefined; includeInIndex = 0; };
		AE90D985105343789CC7B216 /* UAUser.h */ = {isa = PBXFileReference; name = "UAUser.h"; path = "urbanairship-cordova/UAUser.h"; sourceTree = "<group>"; fileEncoding = 4; lastKnownFileType = sourcecode.c.h; explicitFileType = undefined; includeInIndex = 0; };
		6FCA862CA7A647E8965336F5 /* UAUserAPIClient.h */ = {isa = PBXFileReference; name = "UAUserAPIClient.h"; path = "urbanairship-cordova/UAUserAPIClient.h"; sourceTree = "<group>"; fileEncoding = 4; lastKnownFileType = sourcecode.c.h; explicitFileType = undefined; includeInIndex = 0; };
		CFB80383BE4B4D0BA4233D47 /* UAUtils.h */ = {isa = PBXFileReference; name = "UAUtils.h"; path = "urbanairship-cordova/UAUtils.h"; sourceTree = "<group>"; fileEncoding = 4; lastKnownFileType = sourcecode.c.h; explicitFileType = undefined; includeInIndex = 0; };
		F8BD5514990246DE82B3180D /* UAWebViewCallData.h */ = {isa = PBXFileReference; name = "UAWebViewCallData.h"; path = "urbanairship-cordova/UAWebViewCallData.h"; sourceTree = "<group>"; fileEncoding = 4; lastKnownFileType = sourcecode.c.h; explicitFileType = undefined; includeInIndex = 0; };
		72758DCEEC8C4DE3B0B09F40 /* UAWebViewDelegate.h */ = {isa = PBXFileReference; name = "UAWebViewDelegate.h"; path = "urbanairship-cordova/UAWebViewDelegate.h"; sourceTree = "<group>"; fileEncoding = 4; lastKnownFileType = sourcecode.c.h; explicitFileType = undefined; includeInIndex = 0; };
		2DC1F0B475C045B6A7314C4D /* UAWhitelist.h */ = {isa = PBXFileReference; name = "UAWhitelist.h"; path = "urbanairship-cordova/UAWhitelist.h"; sourceTree = "<group>"; fileEncoding = 4; lastKnownFileType = sourcecode.c.h; explicitFileType = undefined; includeInIndex = 0; };
		12EED76A461243DC8B89DEB8 /* UIWebView+UAAdditions.h */ = {isa = PBXFileReference; name = "UIWebView+UAAdditions.h"; path = "urbanairship-cordova/UIWebView+UAAdditions.h"; sourceTree = "<group>"; fileEncoding = 4; lastKnownFileType = sourcecode.c.h; explicitFileType = undefined; includeInIndex = 0; };
		CB3753F3217C41F389ADFF6E /* UA_Base64.h */ = {isa = PBXFileReference; name = "UA_Base64.h"; path = "urbanairship-cordova/UA_Base64.h"; sourceTree = "<group>"; fileEncoding = 4; lastKnownFileType = sourcecode.c.h; explicitFileType = undefined; includeInIndex = 0; };
		43BE7243D9CF40C1BCB24481 /* UAInbox.h */ = {isa = PBXFileReference; name = "UAInbox.h"; path = "urbanairship-cordova/UAInbox.h"; sourceTree = "<group>"; fileEncoding = 4; lastKnownFileType = sourcecode.c.h; explicitFileType = undefined; includeInIndex = 0; };
		4A18255A99414EBCAB662645 /* UAInboxMessage.h */ = {isa = PBXFileReference; name = "UAInboxMessage.h"; path = "urbanairship-cordova/UAInboxMessage.h"; sourceTree = "<group>"; fileEncoding = 4; lastKnownFileType = sourcecode.c.h; explicitFileType = undefined; includeInIndex = 0; };
		6466390857714593B13E7102 /* UAInboxMessageList.h */ = {isa = PBXFileReference; name = "UAInboxMessageList.h"; path = "urbanairship-cordova/UAInboxMessageList.h"; sourceTree = "<group>"; fileEncoding = 4; lastKnownFileType = sourcecode.c.h; explicitFileType = undefined; includeInIndex = 0; };
		AFDB40BFD2F8481C887A0645 /* UAInboxUtils.h */ = {isa = PBXFileReference; name = "UAInboxUtils.h"; path = "urbanairship-cordova/UAInboxUtils.h"; sourceTree = "<group>"; fileEncoding = 4; lastKnownFileType = sourcecode.c.h; explicitFileType = undefined; includeInIndex = 0; };
		57CCB19D0ED24B02A72DC0AC /* UAChannelRegistrar.h */ = {isa = PBXFileReference; name = "UAChannelRegistrar.h"; path = "urbanairship-cordova/UAChannelRegistrar.h"; sourceTree = "<group>"; fileEncoding = 4; lastKnownFileType = sourcecode.c.h; explicitFileType = undefined; includeInIndex = 0; };
		1D0C9295E2414B26A842E3F8 /* UAMutableUserNotificationAction.h */ = {isa = PBXFileReference; name = "UAMutableUserNotificationAction.h"; path = "urbanairship-cordova/UAMutableUserNotificationAction.h"; sourceTree = "<group>"; fileEncoding = 4; lastKnownFileType = sourcecode.c.h; explicitFileType = undefined; includeInIndex = 0; };
		7E5DFE9F532A4160957B6C12 /* UAMutableUserNotificationCategory.h */ = {isa = PBXFileReference; name = "UAMutableUserNotificationCategory.h"; path = "urbanairship-cordova/UAMutableUserNotificationCategory.h"; sourceTree = "<group>"; fileEncoding = 4; lastKnownFileType = sourcecode.c.h; explicitFileType = undefined; includeInIndex = 0; };
		3059D5ED04BE4D2AA6AEEF48 /* UANamedUser.h */ = {isa = PBXFileReference; name = "UANamedUser.h"; path = "urbanairship-cordova/UANamedUser.h"; sourceTree = "<group>"; fileEncoding = 4; lastKnownFileType = sourcecode.c.h; explicitFileType = undefined; includeInIndex = 0; };
		39FB42F008DF44BC8460808D /* UAPush.h */ = {isa = PBXFileReference; name = "UAPush.h"; path = "urbanairship-cordova/UAPush.h"; sourceTree = "<group>"; fileEncoding = 4; lastKnownFileType = sourcecode.c.h; explicitFileType = undefined; includeInIndex = 0; };
		EE779E11C1F943BA8F873279 /* UAUserNotificationAction.h */ = {isa = PBXFileReference; name = "UAUserNotificationAction.h"; path = "urbanairship-cordova/UAUserNotificationAction.h"; sourceTree = "<group>"; fileEncoding = 4; lastKnownFileType = sourcecode.c.h; explicitFileType = undefined; includeInIndex = 0; };
		4683CB9E7D2549B2A959C2A2 /* UAUserNotificationCategories.h */ = {isa = PBXFileReference; name = "UAUserNotificationCategories.h"; path = "urbanairship-cordova/UAUserNotificationCategories.h"; sourceTree = "<group>"; fileEncoding = 4; lastKnownFileType = sourcecode.c.h; explicitFileType = undefined; includeInIndex = 0; };
		B8D8ED1A327B4C8A889F167A /* UAUserNotificationCategory.h */ = {isa = PBXFileReference; name = "UAUserNotificationCategory.h"; path = "urbanairship-cordova/UAUserNotificationCategory.h"; sourceTree = "<group>"; fileEncoding = 4; lastKnownFileType = sourcecode.c.h; explicitFileType = undefined; includeInIndex = 0; };
		B542735216554D43A4F085AE /* AirshipResources.bundle */ = {isa = PBXFileReference; name = "AirshipResources.bundle"; path = "AirshipResources.bundle"; sourceTree = "<group>"; fileEncoding = undefined; lastKnownFileType = wrapper.plug-in; explicitFileType = undefined; includeInIndex = 0; };
		AA950BF261B646EC89FBA631 /* CFNetwork.framework */ = {isa = PBXFileReference; name = "CFNetwork.framework"; path = "System/Library/Frameworks/CFNetwork.framework"; sourceTree = SDKROOT; fileEncoding = undefined; lastKnownFileType = wrapper.framework; explicitFileType = undefined; includeInIndex = 0; };
		393FD11676B84209AFA8316E /* Foundation.framework */ = {isa = PBXFileReference; name = "Foundation.framework"; path = "System/Library/Frameworks/Foundation.framework"; sourceTree = SDKROOT; fileEncoding = undefined; lastKnownFileType = wrapper.framework; explicitFileType = undefined; includeInIndex = 0; };
		3DC5DFE986E242038F3BA00F /* UIKit.framework */ = {isa = PBXFileReference; name = "UIKit.framework"; path = "System/Library/Frameworks/UIKit.framework"; sourceTree = SDKROOT; fileEncoding = undefined; lastKnownFileType = wrapper.framework; explicitFileType = undefined; includeInIndex = 0; };
		23BB2D981B174B1AAC792990 /* CoreLocation.framework */ = {isa = PBXFileReference; name = "CoreLocation.framework"; path = "System/Library/Frameworks/CoreLocation.framework"; sourceTree = SDKROOT; fileEncoding = undefined; lastKnownFileType = wrapper.framework; explicitFileType = undefined; includeInIndex = 0; };
/* End PBXFileReference section */

/* Begin PBXFrameworksBuildPhase section */
		1D60588F0D05DD3D006BFB54 /* Frameworks */ = {
			isa = PBXFrameworksBuildPhase;
			buildActionMask = 2147483647;
			files = (
				301BF552109A68D80062928A /* libCordova.a in Frameworks */,
				B3DA4A4C5FFB43DF98957C4A /* libGoogleAnalyticsServices.a in Frameworks */,
				41B9492FD22D492795C80258 /* SystemConfiguration.framework in Frameworks */,
				8A1FC559A6EF484696E3270C /* CoreData.framework in Frameworks */,
				F127C381327143E488CF7AC0 /* libsqlite3.dylib in Frameworks */,
				0DA225960B2A46F2A66E5BBA /* libz.dylib in Frameworks */,
				35FF228B1E6B4182AA15CB27 /* CoreTelephony.framework in Frameworks */,
				437845A43A854E4EB8FED089 /* LocalAuthentication.framework in Frameworks */,
				7633F941AF824F8681B44713 /* Security.framework in Frameworks */,
				60F8C5DD859342CDBBF82018 /* QuartzCore.framework in Frameworks */,
				55BD92A1F9D24A7DA5472C47 /* libUAirship-7.2.0.a in Frameworks */,
				9B0BEC1CAA3E47878E64AB41 /* CFNetwork.framework in Frameworks */,
				04D8996FC7C04FFAA6AF29BD /* Foundation.framework in Frameworks */,
				775E176D663545B8942038EA /* UIKit.framework in Frameworks */,
				81F1688CA81E4A0B909D5CF6 /* CoreLocation.framework in Frameworks */,
			);
			runOnlyForDeploymentPostprocessing = 0;
		};
/* End PBXFrameworksBuildPhase section */

/* Begin PBXGroup section */
		080E96DDFE201D6D7F000001 /* Classes */ = {
			isa = PBXGroup;
			children = (
				302D95EE14D2391D003F00A1 /* MainViewController.h */,
				302D95EF14D2391D003F00A1 /* MainViewController.m */,
				302D95F014D2391D003F00A1 /* MainViewController.xib */,
				1D3623240D0F684500981E51 /* AppDelegate.h */,
				1D3623250D0F684500981E51 /* AppDelegate.m */,
			);
			name = Classes;
			path = "Fleet SmartHub/Classes";
			sourceTree = SOURCE_ROOT;
		};
		19C28FACFE9D520D11CA2CBB /* Products */ = {
			isa = PBXGroup;
			children = (
				1D6058910D05DD3D006BFB54 /* Fleet SmartHub.app */,
			);
			name = Products;
			sourceTree = "<group>";
		};
		29B97314FDCFA39411CA2CEA /* CustomTemplate */ = {
			isa = PBXGroup;
			children = (
				EB87FDF41871DAF40020F90C /* config.xml */,
				EB87FDF31871DA8E0020F90C /* www */,
				EB87FDF11871DA420020F90C /* Staging */,
				301BF52D109A57CC0062928A /* CordovaLib.xcodeproj */,
				080E96DDFE201D6D7F000001 /* Classes */,
				307C750510C5A3420062BCA9 /* Plugins */,
				29B97315FDCFA39411CA2CEA /* Other Sources */,
				29B97317FDCFA39411CA2CEA /* Resources */,
				29B97323FDCFA39411CA2CEA /* Frameworks */,
				19C28FACFE9D520D11CA2CBB /* Products */,
			);
			name = CustomTemplate;
			sourceTree = "<group>";
		};
		29B97315FDCFA39411CA2CEA /* Other Sources */ = {
			isa = PBXGroup;
			children = (
				32CA4F630368D1EE00C91783 /* Fleet SmartHub-Prefix.pch */,
				29B97316FDCFA39411CA2CEA /* main.m */,
				ED33DF2A687741AEAF9F8254 /* Bridging-Header.h */,
			);
			name = "Other Sources";
			path = "Fleet SmartHub";
			sourceTree = "<group>";
		};
		29B97317FDCFA39411CA2CEA /* Resources */ = {
			isa = PBXGroup;
			children = (
				0207DA571B56EA530066E2B4 /* Images.xcassets */,
				3047A50E1AB8057F00498E2A /* config */,
				8D1107310486CEB800E47090 /* Fleet SmartHub-Info.plist */,
				B542735216554D43A4F085AE /* AirshipResources.bundle */,
			);
			name = Resources;
			path = "Fleet SmartHub/Resources";
			sourceTree = "<group>";
		};
		29B97323FDCFA39411CA2CEA /* Frameworks */ = {
			isa = PBXGroup;
			children = (
				9EEEEB66109949E384248989 /* libGoogleAnalyticsServices.a */,
				BC7D0299B7F64A5580761A56 /* SystemConfiguration.framework */,
				4FD15482A1B2436AA9B3C5AE /* CoreData.framework */,
				E0D35A4F83154A7598A2BA90 /* libsqlite3.dylib */,
				FA8EA61706364E7FB15E5DD7 /* libz.dylib */,
				5370E8CDA5114577AFEBE14C /* CoreTelephony.framework */,
				66BD5B6EF3864581B02199BA /* LocalAuthentication.framework */,
				3332443F65104BBCA88A9F20 /* Security.framework */,
				0BFFD48EB710429EA23BC90F /* QuartzCore.framework */,
				2F1CC2A03BCF4440ACD9BB0C /* libUAirship-7.2.0.a */,
				AA950BF261B646EC89FBA631 /* CFNetwork.framework */,
				393FD11676B84209AFA8316E /* Foundation.framework */,
				3DC5DFE986E242038F3BA00F /* UIKit.framework */,
				23BB2D981B174B1AAC792990 /* CoreLocation.framework */,
			);
			name = Frameworks;
			sourceTree = "<group>";
		};
		301BF52E109A57CC0062928A /* Products */ = {
			isa = PBXGroup;
			children = (
				301BF535109A57CC0062928A /* libCordova.a */,
			);
			name = Products;
			sourceTree = "<group>";
		};
		3047A50E1AB8057F00498E2A /* config */ = {
			isa = PBXGroup;
			children = (
				3047A50F1AB8059700498E2A /* build-debug.xcconfig */,
				3047A5101AB8059700498E2A /* build-release.xcconfig */,
				3047A5111AB8059700498E2A /* build.xcconfig */,
			);
			name = config;
			sourceTree = "<group>";
		};
		307C750510C5A3420062BCA9 /* Plugins */ = {
			isa = PBXGroup;
			children = (
				85BAE0FF383E4170BF783679 /* GoogleAnalyticsPlugin.m */,
				0C8816037EE44187A608DA95 /* GAI.h */,
				A80C8A3DF8F14FA9B2A72318 /* GAIDictionaryBuilder.h */,
				44DAEBCF7767453289296792 /* GAIEcommerceFields.h */,
				57F1D4D0A91142849F94757D /* GAIEcommerceProduct.h */,
				BB4EAF2A319E4896ACA14853 /* GAIEcommerceProductAction.h */,
				EC2D98DDA4C445CA8282F593 /* GAIEcommercePromotion.h */,
				CE26678184B548A6A565316F /* GAIFields.h */,
				E9942AA9FDA8469683BC57E9 /* GAILogger.h */,
				1E3F4A25008947CE888E538E /* GAITrackedViewController.h */,
				3C00E045D3A64089AE7C215F /* GAITracker.h */,
				8FA10206C0384AB0A91BB43C /* GoogleAnalyticsPlugin.h */,
				899A1BD9A4F3472584F3F104 /* AppVersion.m */,
				0FC96317B6A7405FB384E147 /* AppVersion.h */,
				3BD2DC5E3F6744AEA3738A3B /* CDVLogger.m */,
				7C5449FB7918462F816F7CE3 /* CDVLogger.h */,
				864A3D34A65842F78A2ACCFC /* CDVDevice.m */,
				AF73D19E082D4F97989B78CE /* CDVDevice.h */,
				AF660AF04C824447A0D93C04 /* CDVFile.m */,
				2527A3CD85234D85ADE19FBF /* CDVLocalFilesystem.m */,
				6F4C992E6C234D8DB9CD38C7 /* CDVAssetLibraryFilesystem.m */,
				B476CEF93D974D868A286ECD /* CDVFile.h */,
				9ABECE47D1354497A429588D /* CDVLocalFilesystem.h */,
				6BA9FEA4C28D4C95A7A38631 /* CDVAssetLibraryFilesystem.h */,
				46F04271AC97450896F02E77 /* CDVInAppBrowser.m */,
				13CA2C4EF2844C06BF919A39 /* CDVInAppBrowser.h */,
				2CE25FE802594B0C9CC0593A /* CDVConnection.m */,
				89D6EDAAD79C490F906E0C6B /* CDVReachability.m */,
				8E5BB1CF568C4E9B955C32E8 /* CDVConnection.h */,
				C36F26A77A354AF3AF30BBAC /* CDVReachability.h */,
				0416EC6ADD6341198D54F53E /* CDVSplashScreen.m */,
				BB2850A67C654600B8413019 /* CDVViewController+SplashScreen.m */,
				FCB37A129BF84540BC917F78 /* CDVSplashScreen.h */,
				D3C6970A0F02417B8E820D0D /* CDVViewController+SplashScreen.h */,
				C3D19F20CB77459BA73D6603 /* CDVStatusBar.m */,
				6B5FA96A576A4805AD10EEBF /* CDVStatusBar.h */,
				8CA49810E9DA40F4AC7BECB2 /* TouchID.m */,
				71215D1BC24F4C028ACC337E /* TouchID.h */,
				BCA8005A82014D67BC668BE9 /* Toast+UIView.m */,
				0DC175F3DF3D4ABA8E5C527F /* Toast.m */,
				6293F4571E2945CFBCDC5C06 /* Toast+UIView.h */,
				25432BD8BC47453DB0FFE401 /* Toast.h */,
				40BDE3DE25F5448483B4435B /* IonicKeyboard.m */,
				667E5E65A27D48D38C8A287B /* IonicKeyboard.h */,
				EE0C8C45438E4F20A5A79FD7 /* UAirshipPlugin.m */,
				2E3513E73E2C4332B733A807 /* UAMessageViewController.m */,
				58F8332C3B984D09B0CF4E28 /* UAirshipPlugin.h */,
				D029562AB79B4B36B0ABAF8E /* UAMessageViewController.h */,
				A79F08C54B4240F187B33626 /* AirshipLib.h */,
				9EC5B64802024DD6BE27A44B /* UANativeBridge.h */,
				98A3D47BE51747C3A28EA59B /* UALandingPageAction.h */,
				4F1B082FAED7419C912EB6B9 /* NSJSONSerialization+UAAdditions.h */,
				82868FEB896D4A399E22BFE8 /* NSString+UALocalizationAdditions.h */,
				0B6201C5D5814D83ACE48B41 /* NSString+UAURLEncoding.h */,
				6C172865B36549879E3F929E /* UAAction+Operators.h */,
				451F75FEC2DB4E389146F7BB /* UAAction.h */,
				8BA0848BEF544C47BD69422C /* UAActionArguments.h */,
				F0E7C1E3BF824D39A73CEEFA /* UAActionJSDelegate.h */,
				86DD79C90CE4461790642F4E /* UAActionRegistry.h */,
				C1568EAA9F194F0F8221CE8A /* UAActionRegistryEntry.h */,
				DA989D69D4154D95B9DB6457 /* UAActionResult.h */,
				E22301D9930C46769E359BE0 /* UAActionRunner.h */,
				0B0E9490014F4BF7939EAC31 /* UAActivityViewController.h */,
				90FF748E117646FD85D067A9 /* UAAddCustomEventAction.h */,
				EF4ED977190E4107BB2B7465 /* UAAddTagsAction.h */,
				8809C675051546CD8506EFC9 /* UAAggregateActionResult.h */,
				8708033019084A36B5180BE9 /* UAAnalytics.h */,
				2CD9C2AD6C2F4244B8C144B5 /* UAApplicationMetrics.h */,
				97FB4CE845894688A147BE31 /* UAAssociatedIdentifiers.h */,
				096565DDAC4D4D218B1D5394 /* UABaseLocationProvider.h */,
				D24689776FB7464BA40FA6AC /* UABespokeCloseView.h */,
				998830D3C04C4412B802CE5D /* UABeveledLoadingIndicator.h */,
				A77577E3F01F4524AFC722A7 /* UAChannelCapture.h */,
				8BEBEF53A1EB4019BBD80DFB /* UACircularRegion.h */,
				EC24E643B50D4B3D977382D5 /* UAConfig.h */,
				BAD99007F26C4C1886EEE0FA /* UACustomEvent.h */,
				312FF47B56024BF08078CE93 /* UADefaultMessageCenter.h */,
				61CE0582A61E4C08B777865C /* UADefaultMessageCenterListCell.h */,
				3A7361CAE94A4182A463FD82 /* UADefaultMessageCenterListViewController.h */,
				1AB74BDFF7D44112B6413527 /* UADefaultMessageCenterMessageViewController.h */,
				D3D65E5D78784E008C58732D /* UADefaultMessageCenterSplitViewController.h */,
				C804C7BD7AF44F7C841D7023 /* UADefaultMessageCenterStyle.h */,
				D17BBC0FA4764364993B5658 /* UADisplayInboxAction.h */,
				8AAD52AD5B7B472E836A3130 /* UADisposable.h */,
				971E9A8B16F34E07B15E29AB /* UAEvent.h */,
				39274A3B36144B25B6AA6E65 /* UAGlobal.h */,
				80014DD14FE64DC6A3286A59 /* UAInAppMessage.h */,
				368918F1C3E94D888FAF8D9B /* UAInAppMessageButtonActionBinding.h */,
				3D27A37E44BF4DC6A4359352 /* UAInAppMessageControllerDefaultDelegate.h */,
				6DB06EDF7A964946BAE625FE /* UAInAppMessageControllerDelegate.h */,
				9E0358E2DC624291928C39D0 /* UAInAppMessageView.h */,
				B55D48E3D86B449CA40A2229 /* UAInAppMessaging.h */,
				C7AEAB594C8A45698DF3ABDF /* UAIncomingInAppMessageAction.h */,
				E6B2566D652946AB950914E2 /* UAInstallAttributionEvent.h */,
				D810A2778714479BAE4486FF /* UAirship.h */,
				D71EFF225EAC4026975B800C /* UAJavaScriptDelegate.h */,
				A7CD879B7B84486BB0C5D2CA /* UALandingPageOverlayController.h */,
				3ADFB1D876DB445FA7B37E50 /* UALocationCommonValues.h */,
				F99762307B444070B90F45A5 /* UALocationEvent.h */,
				EAEABE4DCB0D430D86F8FC9B /* UALocationProviderDelegate.h */,
				F7CBE9F7D1694ED1B34AA8CB /* UALocationProviderProtocol.h */,
				B5A8235B05C846128100CDBC /* UALocationService.h */,
				B00DE602EE564FA4949B9EAD /* UAMessageCenterDateUtils.h */,
				364031E08FC74607B4FD0295 /* UAMessageCenterLocalization.h */,
				B2353ACDF19442F2B5F1082C /* UAModifyTagsAction.h */,
				E0A33115234843C39FBA9FBC /* UAOpenExternalURLAction.h */,
				02D6852245234050A8DC8B78 /* UAOverlayInboxMessageAction.h */,
				EBC09D29C6654A66971F6BB5 /* UAPasteboardAction.h */,
				A95502F3C1044F62B94F9784 /* UAProximityRegion.h */,
				FB2F06C547ED4884BE57BE48 /* UARegionEvent.h */,
				646874868CF4436196B83FF2 /* UARemoveTagsAction.h */,
				E6E80961871442399F9ECA55 /* UARichContentWindow.h */,
				A45F2CB759E7493DBC58D184 /* UAShareAction.h */,
				6F5938A9D7574C05BCCCF7AD /* UASignificantChangeProvider.h */,
				108F6DFD358C4D4F8AB727DA /* UAStandardLocationProvider.h */,
				7F25BAB0F97349C39FCBB800 /* UATagUtils.h */,
				94EC3D3F68AE4C12B074A580 /* UAURLProtocol.h */,
				AE90D985105343789CC7B216 /* UAUser.h */,
				6FCA862CA7A647E8965336F5 /* UAUserAPIClient.h */,
				CFB80383BE4B4D0BA4233D47 /* UAUtils.h */,
				F8BD5514990246DE82B3180D /* UAWebViewCallData.h */,
				72758DCEEC8C4DE3B0B09F40 /* UAWebViewDelegate.h */,
				2DC1F0B475C045B6A7314C4D /* UAWhitelist.h */,
				12EED76A461243DC8B89DEB8 /* UIWebView+UAAdditions.h */,
				CB3753F3217C41F389ADFF6E /* UA_Base64.h */,
				43BE7243D9CF40C1BCB24481 /* UAInbox.h */,
				4A18255A99414EBCAB662645 /* UAInboxMessage.h */,
				6466390857714593B13E7102 /* UAInboxMessageList.h */,
				AFDB40BFD2F8481C887A0645 /* UAInboxUtils.h */,
				57CCB19D0ED24B02A72DC0AC /* UAChannelRegistrar.h */,
				1D0C9295E2414B26A842E3F8 /* UAMutableUserNotificationAction.h */,
				7E5DFE9F532A4160957B6C12 /* UAMutableUserNotificationCategory.h */,
				3059D5ED04BE4D2AA6AEEF48 /* UANamedUser.h */,
				39FB42F008DF44BC8460808D /* UAPush.h */,
				EE779E11C1F943BA8F873279 /* UAUserNotificationAction.h */,
				4683CB9E7D2549B2A959C2A2 /* UAUserNotificationCategories.h */,
				B8D8ED1A327B4C8A889F167A /* UAUserNotificationCategory.h */,
			);
			name = Plugins;
			path = "Fleet SmartHub/Plugins";
			sourceTree = SOURCE_ROOT;
		};
		EB87FDF11871DA420020F90C /* Staging */ = {
			isa = PBXGroup;
			children = (
				F840E1F0165FE0F500CFE078 /* config.xml */,
				301BF56E109A69640062928A /* www */,
			);
			name = Staging;
			sourceTree = "<group>";
		};
/* End PBXGroup section */

/* Begin PBXNativeTarget section */
		1D6058900D05DD3D006BFB54 /* Fleet SmartHub */ = {
			isa = PBXNativeTarget;
			buildConfigurationList = 1D6058960D05DD3E006BFB54 /* Build configuration list for PBXNativeTarget "Fleet SmartHub" */;
			buildPhases = (
				304B58A110DAC018002A0835 /* Copy www directory */,
				1D60588D0D05DD3D006BFB54 /* Resources */,
				1D60588E0D05DD3D006BFB54 /* Sources */,
				1D60588F0D05DD3D006BFB54 /* Frameworks */,
			);
			buildRules = (
			);
			dependencies = (
				301BF551109A68C00062928A /* PBXTargetDependency */,
			);
			name = "Fleet SmartHub";
			productName = "Fleet SmartHub";
			productReference = 1D6058910D05DD3D006BFB54 /* Fleet SmartHub.app */;
			productType = "com.apple.product-type.application";
		};
/* End PBXNativeTarget section */

/* Begin PBXProject section */
		29B97313FDCFA39411CA2CEA /* Project object */ = {
			isa = PBXProject;
			attributes = {
				LastUpgradeCheck = 510;
			};
			buildConfigurationList = C01FCF4E08A954540054247B /* Build configuration list for PBXProject "__NON-CLI__" */;
			compatibilityVersion = "Xcode 3.2";
			developmentRegion = English;
			hasScannedForEncodings = 1;
			mainGroup = 29B97314FDCFA39411CA2CEA /* CustomTemplate */;
			projectDirPath = "";
			projectReferences = (
				{
					ProductGroup = 301BF52E109A57CC0062928A /* Products */;
					ProjectRef = 301BF52D109A57CC0062928A /* CordovaLib.xcodeproj */;
				},
			);
			projectRoot = "";
			targets = (
				1D6058900D05DD3D006BFB54 /* Fleet SmartHub */,
			);
		};
/* End PBXProject section */

/* Begin PBXReferenceProxy section */
		301BF535109A57CC0062928A /* libCordova.a */ = {
			isa = PBXReferenceProxy;
			fileType = archive.ar;
			path = libCordova.a;
			remoteRef = 301BF534109A57CC0062928A /* PBXContainerItemProxy */;
			sourceTree = BUILT_PRODUCTS_DIR;
		};
/* End PBXReferenceProxy section */

/* Begin PBXResourcesBuildPhase section */
		1D60588D0D05DD3D006BFB54 /* Resources */ = {
			isa = PBXResourcesBuildPhase;
			buildActionMask = 2147483647;
			files = (
				302D95F214D2391D003F00A1 /* MainViewController.xib in Resources */,
				3047A5131AB8059700498E2A /* build-release.xcconfig in Resources */,
				3047A5141AB8059700498E2A /* build.xcconfig in Resources */,
				0207DA581B56EA530066E2B4 /* Images.xcassets in Resources */,
				3047A5121AB8059700498E2A /* build-debug.xcconfig in Resources */,
				6FD708AAE05D42D5970A7476 /* AirshipResources.bundle in Resources */,
			);
			runOnlyForDeploymentPostprocessing = 0;
		};
/* End PBXResourcesBuildPhase section */

/* Begin PBXShellScriptBuildPhase section */
		304B58A110DAC018002A0835 /* Copy www directory */ = {
			isa = PBXShellScriptBuildPhase;
			buildActionMask = 2147483647;
			files = (
			);
			inputPaths = (
			);
			name = "Copy www directory";
			outputPaths = (
			);
			runOnlyForDeploymentPostprocessing = 0;
			shellPath = /bin/sh;
			shellScript = "NODEJS_PATH=/usr/local/bin; NVM_NODE_PATH=~/.nvm/versions/node/`nvm version 2>/dev/null`/bin; N_NODE_PATH=`find /usr/local/n/versions/node/* -maxdepth 0 -type d 2>/dev/null | tail -1`/bin; XCODE_NODE_PATH=`xcode-select --print-path`/usr/share/xcs/Node/bin; PATH=$NODEJS_PATH:$NVM_NODE_PATH:$N_NODE_PATH:$XCODE_NODE_PATH:$PATH && node cordova/lib/copy-www-build-step.js";
			showEnvVarsInLog = 0;
		};
/* End PBXShellScriptBuildPhase section */

/* Begin PBXSourcesBuildPhase section */
		1D60588E0D05DD3D006BFB54 /* Sources */ = {
			isa = PBXSourcesBuildPhase;
			buildActionMask = 2147483647;
			files = (
				1D60589B0D05DD56006BFB54 /* main.m in Sources */,
				1D3623260D0F684500981E51 /* AppDelegate.m in Sources */,
				302D95F114D2391D003F00A1 /* MainViewController.m in Sources */,
				1FCB626904FA48D1BEB0EFB8 /* GoogleAnalyticsPlugin.m in Sources */,
				30ACFCD07E9C478DA4B4DAD7 /* AppVersion.m in Sources */,
				BC2869D2F4E14C2AA2D14B73 /* CDVLogger.m in Sources */,
				D557B8A5E3854C1C931A9464 /* CDVDevice.m in Sources */,
				61CA7CD1390F43EFB780A2BA /* CDVFile.m in Sources */,
				DACA4FEED3774FEFB990CA8B /* CDVLocalFilesystem.m in Sources */,
				DAAA2B7D4F3F41C1A5EB7FE0 /* CDVAssetLibraryFilesystem.m in Sources */,
				B7A1B48C6A934C60959742FF /* CDVInAppBrowser.m in Sources */,
				7656B9E26F6443B79C2EB9CD /* CDVConnection.m in Sources */,
				9A949781BE2B41CF88D83C55 /* CDVReachability.m in Sources */,
				B3D6EB97E5794054B89513F0 /* CDVSplashScreen.m in Sources */,
				377D6774450543779AB0E63D /* CDVViewController+SplashScreen.m in Sources */,
				95088D89D20549138706A9DA /* CDVStatusBar.m in Sources */,
				4E8D59645D9340459F13B218 /* TouchID.m in Sources */,
				6D9BCE32487D461B8223EE76 /* Toast+UIView.m in Sources */,
				3FA1252E735443D0A446F8DB /* Toast.m in Sources */,
				1DD6631C379A4F4EAAEE3661 /* IonicKeyboard.m in Sources */,
				EA12A1C0CCCB4E6CB93BC709 /* UAirshipPlugin.m in Sources */,
				FD550BE49EFC45E7B009B923 /* UAMessageViewController.m in Sources */,
			);
			runOnlyForDeploymentPostprocessing = 0;
		};
/* End PBXSourcesBuildPhase section */

/* Begin PBXTargetDependency section */
		301BF551109A68C00062928A /* PBXTargetDependency */ = {
			isa = PBXTargetDependency;
			name = CordovaLib;
			targetProxy = 301BF550109A68C00062928A /* PBXContainerItemProxy */;
		};
/* End PBXTargetDependency section */

/* Begin XCBuildConfiguration section */
		1D6058940D05DD3E006BFB54 /* Debug */ = {
			isa = XCBuildConfiguration;
			baseConfigurationReference = 3047A50F1AB8059700498E2A /* build-debug.xcconfig */;
			buildSettings = {
				ALWAYS_SEARCH_USER_PATHS = NO;
				ASSETCATALOG_COMPILER_APPICON_NAME = AppIcon;
				ASSETCATALOG_COMPILER_LAUNCHIMAGE_NAME = LaunchImage;
				CLANG_ENABLE_MODULES = YES;
				CLANG_ENABLE_OBJC_ARC = YES;
				COPY_PHASE_STRIP = NO;
				GCC_DYNAMIC_NO_PIC = NO;
				GCC_OPTIMIZATION_LEVEL = 0;
				GCC_PRECOMPILE_PREFIX_HEADER = YES;
				GCC_PREFIX_HEADER = "Fleet SmartHub/Fleet SmartHub-Prefix.pch";
				GCC_THUMB_SUPPORT = NO;
				GCC_VERSION = "";
				INFOPLIST_FILE = "Fleet SmartHub/Fleet SmartHub-Info.plist";
				LD_RUNPATH_SEARCH_PATHS = "@executable_path/Frameworks";
				PRODUCT_NAME = "Fleet SmartHub";
				LIBRARY_SEARCH_PATHS = (
					"$(inherited)",
					"\"$(SRCROOT)/Fleet SmartHub/Plugins/com.cmackay.plugins.googleanalytics\"",
					"\"$(SRCROOT)/Fleet SmartHub/Plugins/urbanairship-cordova\"",
				);
			};
			name = Debug;
		};
		1D6058950D05DD3E006BFB54 /* Release */ = {
			isa = XCBuildConfiguration;
			baseConfigurationReference = 3047A5101AB8059700498E2A /* build-release.xcconfig */;
			buildSettings = {
				ALWAYS_SEARCH_USER_PATHS = NO;
				ASSETCATALOG_COMPILER_APPICON_NAME = AppIcon;
				ASSETCATALOG_COMPILER_LAUNCHIMAGE_NAME = LaunchImage;
				CLANG_ENABLE_MODULES = YES;
				CLANG_ENABLE_OBJC_ARC = YES;
				COPY_PHASE_STRIP = YES;
				GCC_PRECOMPILE_PREFIX_HEADER = YES;
				GCC_PREFIX_HEADER = "Fleet SmartHub/Fleet SmartHub-Prefix.pch";
				GCC_THUMB_SUPPORT = NO;
				GCC_VERSION = "";
				INFOPLIST_FILE = "Fleet SmartHub/Fleet SmartHub-Info.plist";
				PRODUCT_NAME = "Fleet SmartHub";
				LIBRARY_SEARCH_PATHS = (
					"$(inherited)",
					"\"$(SRCROOT)/Fleet SmartHub/Plugins/com.cmackay.plugins.googleanalytics\"",
					"\"$(SRCROOT)/Fleet SmartHub/Plugins/urbanairship-cordova\"",
				);
			};
			name = Release;
		};
		C01FCF4F08A954540054247B /* Debug */ = {
			isa = XCBuildConfiguration;
			baseConfigurationReference = 3047A5111AB8059700498E2A /* build.xcconfig */;
			buildSettings = {
				CLANG_ENABLE_MODULES = YES;
				CLANG_ENABLE_OBJC_ARC = YES;
				CLANG_WARN_BOOL_CONVERSION = YES;
				CLANG_WARN_CONSTANT_CONVERSION = YES;
				CLANG_WARN_EMPTY_BODY = YES;
				CLANG_WARN_ENUM_CONVERSION = YES;
				CLANG_WARN_INT_CONVERSION = YES;
				CLANG_WARN__DUPLICATE_METHOD_MATCH = YES;
				GCC_C_LANGUAGE_STANDARD = c99;
				GCC_THUMB_SUPPORT = NO;
				GCC_VERSION = "";
				GCC_WARN_ABOUT_RETURN_TYPE = YES;
				GCC_WARN_UNDECLARED_SELECTOR = YES;
				GCC_WARN_UNINITIALIZED_AUTOS = YES;
				GCC_WARN_UNUSED_FUNCTION = YES;
				GCC_WARN_UNUSED_VARIABLE = YES;
				ONLY_ACTIVE_ARCH = YES;
				SDKROOT = iphoneos;
				SKIP_INSTALL = NO;
			};
			name = Debug;
		};
		C01FCF5008A954540054247B /* Release */ = {
			isa = XCBuildConfiguration;
			baseConfigurationReference = 3047A5111AB8059700498E2A /* build.xcconfig */;
			buildSettings = {
				CLANG_ENABLE_MODULES = YES;
				CLANG_ENABLE_OBJC_ARC = YES;
				CLANG_WARN_BOOL_CONVERSION = YES;
				CLANG_WARN_CONSTANT_CONVERSION = YES;
				CLANG_WARN_EMPTY_BODY = YES;
				CLANG_WARN_ENUM_CONVERSION = YES;
				CLANG_WARN_INT_CONVERSION = YES;
				CLANG_WARN__DUPLICATE_METHOD_MATCH = YES;
				GCC_C_LANGUAGE_STANDARD = c99;
				GCC_THUMB_SUPPORT = NO;
				GCC_VERSION = "";
				GCC_WARN_ABOUT_RETURN_TYPE = YES;
				GCC_WARN_UNDECLARED_SELECTOR = YES;
				GCC_WARN_UNINITIALIZED_AUTOS = YES;
				GCC_WARN_UNUSED_FUNCTION = YES;
				GCC_WARN_UNUSED_VARIABLE = YES;
				SDKROOT = iphoneos;
				SKIP_INSTALL = NO;
			};
			name = Release;
		};
/* End XCBuildConfiguration section */

/* Begin XCConfigurationList section */
		1D6058960D05DD3E006BFB54 /* Build configuration list for PBXNativeTarget "Fleet SmartHub" */ = {
			isa = XCConfigurationList;
			buildConfigurations = (
				1D6058940D05DD3E006BFB54 /* Debug */,
				1D6058950D05DD3E006BFB54 /* Release */,
			);
			defaultConfigurationIsVisible = 0;
			defaultConfigurationName = Release;
		};
		C01FCF4E08A954540054247B /* Build configuration list for PBXProject "__NON-CLI__" */ = {
			isa = XCConfigurationList;
			buildConfigurations = (
				C01FCF4F08A954540054247B /* Debug */,
				C01FCF5008A954540054247B /* Release */,
			);
			defaultConfigurationIsVisible = 0;
			defaultConfigurationName = Release;
		};
/* End XCConfigurationList section */
	};
	rootObject = 29B97313FDCFA39411CA2CEA /* Project object */;
}
